
Microsoft Visual Studio Solution File, Format Version 12.00
# Visual Studio Version 17
VisualStudioVersion = 17.7.34009.444
MinimumVisualStudioVersion = 10.0.40219.1
Project("{8BC9CEB8-8B4A-11D0-8D11-00A0C91BC942}") = "2828", "Project2\Project2.vcxproj", "{7906A0FB-C270-4335-939E-9350055F0249}"
EndProject
Project("{8BC9CEB8-8B4A-11D0-8D11-00A0C91BC942}") = "2910", "2910\2910.vcxproj", "{F2326E15-ACB9-4B9C-801E-665018E07A0B}"
EndProject
Project("{8BC9CEB8-8B4A-11D0-8D11-00A0C91BC942}") = "2583", "2583\2583.vcxproj", "{C8238388-1F78-445F-8765-62DB654E5FFF}"
EndProject
Project("{8BC9CEB8-8B4A-11D0-8D11-00A0C91BC942}") = "2178", "2178\2178.vcxproj", "{2BF3DF6E-F8D7-473D-A81E-639C1425D0BE}"
EndProject
Project("{8BC9CEB8-8B4A-11D0-8D11-00A0C91BC942}") = "14502", "14502\14502.vcxproj", "{C73E57E2-CB5E-47CF-8D0E-D44193A034A5}"
EndProject
Project("{8BC9CEB8-8B4A-11D0-8D11-00A0C91BC942}") = "1920", "1920\1920.vcxproj", "{E9FEFB75-A15D-487D-AF8F-D4C2C9304992}"
EndProject
Project("{8BC9CEB8-8B4A-11D0-8D11-00A0C91BC942}") = "17266", "17266\17266.vcxproj", "{5722EAB7-541C-425F-861C-818209712022}"
EndProject
Project("{8BC9CEB8-8B4A-11D0-8D11-00A0C91BC942}") = "11687", "11687\11687.vcxproj", "{77890B8F-BDF8-4558-83A6-8161285CE6EE}"
EndProject
Project("{8BC9CEB8-8B4A-11D0-8D11-00A0C91BC942}") = "2792", "2792\2792.vcxproj", "{8E3F6CE6-C9D2-4ECB-A93F-908C89B6520E}"
EndProject
Project("{8BC9CEB8-8B4A-11D0-8D11-00A0C91BC942}") = "3020", "3020\3020.vcxproj", "{EDD8EC5C-92E7-4D46-A6DD-BA426621C103}"
EndProject
Project("{8BC9CEB8-8B4A-11D0-8D11-00A0C91BC942}") = "1121_1c", "1121_1c\1121_1c.vcxproj", "{2DEB6EE2-4E9A-400F-953C-53E2C6880676}"
EndProject
Project("{8BC9CEB8-8B4A-11D0-8D11-00A0C91BC942}") = "1463", "1463\1463.vcxproj", "{CE3F0981-203B-4C31-BE46-771B2277C991}"
EndProject
Project("{8BC9CEB8-8B4A-11D0-8D11-00A0C91BC942}") = "9095", "9095\9095.vcxproj", "{D0D2BF7E-B19F-44A3-8114-EE706E6BC33E}"
EndProject
Project("{8BC9CEB8-8B4A-11D0-8D11-00A0C91BC942}") = "2579", "2579\2579.vcxproj", "{B0340CF0-0B6F-491A-A414-DDF604F15AEE}"
EndProject
Project("{8BC9CEB8-8B4A-11D0-8D11-00A0C91BC942}") = "11726", "11726\11726.vcxproj", "{C22CACEF-C104-4DC9-AF16-B98438F9E597}"
EndProject
Project("{8BC9CEB8-8B4A-11D0-8D11-00A0C91BC942}") = "11722", "11722\11722.vcxproj", "{93B86B3D-8DCE-4639-8A8D-ADF948C387D0}"
EndProject
Project("{8BC9CEB8-8B4A-11D0-8D11-00A0C91BC942}") = "1121_c", "1121_c\1121_c.vcxproj", "{E358158B-C96F-4DC9-81CE-0ED7B09E5EA0}"
EndProject
Project("{8BC9CEB8-8B4A-11D0-8D11-00A0C91BC942}") = "14719", "14719\14719.vcxproj", "{D2179019-6FCE-4CA1-8C79-45D573B8A4FB}"
EndProject
Project("{8BC9CEB8-8B4A-11D0-8D11-00A0C91BC942}") = "1966", "1966\1966.vcxproj", "{6CCB152C-F199-42D6-92F9-76830CA8EFF6}"
EndProject
Project("{8BC9CEB8-8B4A-11D0-8D11-00A0C91BC942}") = "10813", "10813\10813.vcxproj", "{E8E2CF45-00D2-4E5E-8374-98E71AA87F59}"
EndProject
Project("{8BC9CEB8-8B4A-11D0-8D11-00A0C91BC942}") = "14503", "14503\14503.vcxproj", "{0D3ABC2C-1117-4E6D-9790-13E1BEAACB98}"
EndProject
Project("{8BC9CEB8-8B4A-11D0-8D11-00A0C91BC942}") = "16236", "16236\16236.vcxproj", "{CB956198-AA08-458C-A626-959BF2D9A7E3}"
EndProject
Global
	GlobalSection(SolutionConfigurationPlatforms) = preSolution
		Debug|x64 = Debug|x64
		Debug|x86 = Debug|x86
		Release|x64 = Release|x64
		Release|x86 = Release|x86
	EndGlobalSection
	GlobalSection(ProjectConfigurationPlatforms) = postSolution
		{7906A0FB-C270-4335-939E-9350055F0249}.Debug|x64.ActiveCfg = Debug|x64
		{7906A0FB-C270-4335-939E-9350055F0249}.Debug|x64.Build.0 = Debug|x64
		{7906A0FB-C270-4335-939E-9350055F0249}.Debug|x86.ActiveCfg = Debug|Win32
		{7906A0FB-C270-4335-939E-9350055F0249}.Debug|x86.Build.0 = Debug|Win32
		{7906A0FB-C270-4335-939E-9350055F0249}.Release|x64.ActiveCfg = Release|x64
		{7906A0FB-C270-4335-939E-9350055F0249}.Release|x64.Build.0 = Release|x64
		{7906A0FB-C270-4335-939E-9350055F0249}.Release|x86.ActiveCfg = Release|Win32
		{7906A0FB-C270-4335-939E-9350055F0249}.Release|x86.Build.0 = Release|Win32
		{F2326E15-ACB9-4B9C-801E-665018E07A0B}.Debug|x64.ActiveCfg = Debug|x64
		{F2326E15-ACB9-4B9C-801E-665018E07A0B}.Debug|x64.Build.0 = Debug|x64
		{F2326E15-ACB9-4B9C-801E-665018E07A0B}.Debug|x86.ActiveCfg = Debug|Win32
		{F2326E15-ACB9-4B9C-801E-665018E07A0B}.Debug|x86.Build.0 = Debug|Win32
		{F2326E15-ACB9-4B9C-801E-665018E07A0B}.Release|x64.ActiveCfg = Release|x64
		{F2326E15-ACB9-4B9C-801E-665018E07A0B}.Release|x64.Build.0 = Release|x64
		{F2326E15-ACB9-4B9C-801E-665018E07A0B}.Release|x86.ActiveCfg = Release|Win32
		{F2326E15-ACB9-4B9C-801E-665018E07A0B}.Release|x86.Build.0 = Release|Win32
		{C8238388-1F78-445F-8765-62DB654E5FFF}.Debug|x64.ActiveCfg = Debug|x64
		{C8238388-1F78-445F-8765-62DB654E5FFF}.Debug|x64.Build.0 = Debug|x64
		{C8238388-1F78-445F-8765-62DB654E5FFF}.Debug|x86.ActiveCfg = Debug|Win32
		{C8238388-1F78-445F-8765-62DB654E5FFF}.Debug|x86.Build.0 = Debug|Win32
		{C8238388-1F78-445F-8765-62DB654E5FFF}.Release|x64.ActiveCfg = Release|x64
		{C8238388-1F78-445F-8765-62DB654E5FFF}.Release|x64.Build.0 = Release|x64
		{C8238388-1F78-445F-8765-62DB654E5FFF}.Release|x86.ActiveCfg = Release|Win32
		{C8238388-1F78-445F-8765-62DB654E5FFF}.Release|x86.Build.0 = Release|Win32
		{2BF3DF6E-F8D7-473D-A81E-639C1425D0BE}.Debug|x64.ActiveCfg = Debug|x64
		{2BF3DF6E-F8D7-473D-A81E-639C1425D0BE}.Debug|x64.Build.0 = Debug|x64
		{2BF3DF6E-F8D7-473D-A81E-639C1425D0BE}.Debug|x86.ActiveCfg = Debug|Win32
		{2BF3DF6E-F8D7-473D-A81E-639C1425D0BE}.Debug|x86.Build.0 = Debug|Win32
		{2BF3DF6E-F8D7-473D-A81E-639C1425D0BE}.Release|x64.ActiveCfg = Release|x64
		{2BF3DF6E-F8D7-473D-A81E-639C1425D0BE}.Release|x64.Build.0 = Release|x64
		{2BF3DF6E-F8D7-473D-A81E-639C1425D0BE}.Release|x86.ActiveCfg = Release|Win32
		{2BF3DF6E-F8D7-473D-A81E-639C1425D0BE}.Release|x86.Build.0 = Release|Win32
		{C73E57E2-CB5E-47CF-8D0E-D44193A034A5}.Debug|x64.ActiveCfg = Debug|x64
		{C73E57E2-CB5E-47CF-8D0E-D44193A034A5}.Debug|x64.Build.0 = Debug|x64
		{C73E57E2-CB5E-47CF-8D0E-D44193A034A5}.Debug|x86.ActiveCfg = Debug|Win32
		{C73E57E2-CB5E-47CF-8D0E-D44193A034A5}.Debug|x86.Build.0 = Debug|Win32
		{C73E57E2-CB5E-47CF-8D0E-D44193A034A5}.Release|x64.ActiveCfg = Release|x64
		{C73E57E2-CB5E-47CF-8D0E-D44193A034A5}.Release|x64.Build.0 = Release|x64
		{C73E57E2-CB5E-47CF-8D0E-D44193A034A5}.Release|x86.ActiveCfg = Release|Win32
		{C73E57E2-CB5E-47CF-8D0E-D44193A034A5}.Release|x86.Build.0 = Release|Win32
		{E9FEFB75-A15D-487D-AF8F-D4C2C9304992}.Debug|x64.ActiveCfg = Debug|x64
		{E9FEFB75-A15D-487D-AF8F-D4C2C9304992}.Debug|x64.Build.0 = Debug|x64
		{E9FEFB75-A15D-487D-AF8F-D4C2C9304992}.Debug|x86.ActiveCfg = Debug|Win32
		{E9FEFB75-A15D-487D-AF8F-D4C2C9304992}.Debug|x86.Build.0 = Debug|Win32
		{E9FEFB75-A15D-487D-AF8F-D4C2C9304992}.Release|x64.ActiveCfg = Release|x64
		{E9FEFB75-A15D-487D-AF8F-D4C2C9304992}.Release|x64.Build.0 = Release|x64
		{E9FEFB75-A15D-487D-AF8F-D4C2C9304992}.Release|x86.ActiveCfg = Release|Win32
		{E9FEFB75-A15D-487D-AF8F-D4C2C9304992}.Release|x86.Build.0 = Release|Win32
		{5722EAB7-541C-425F-861C-818209712022}.Debug|x64.ActiveCfg = Debug|x64
		{5722EAB7-541C-425F-861C-818209712022}.Debug|x64.Build.0 = Debug|x64
		{5722EAB7-541C-425F-861C-818209712022}.Debug|x86.ActiveCfg = Debug|Win32
		{5722EAB7-541C-425F-861C-818209712022}.Debug|x86.Build.0 = Debug|Win32
		{5722EAB7-541C-425F-861C-818209712022}.Release|x64.ActiveCfg = Release|x64
		{5722EAB7-541C-425F-861C-818209712022}.Release|x64.Build.0 = Release|x64
		{5722EAB7-541C-425F-861C-818209712022}.Release|x86.ActiveCfg = Release|Win32
		{5722EAB7-541C-425F-861C-818209712022}.Release|x86.Build.0 = Release|Win32
		{77890B8F-BDF8-4558-83A6-8161285CE6EE}.Debug|x64.ActiveCfg = Debug|x64
		{77890B8F-BDF8-4558-83A6-8161285CE6EE}.Debug|x64.Build.0 = Debug|x64
		{77890B8F-BDF8-4558-83A6-8161285CE6EE}.Debug|x86.ActiveCfg = Debug|Win32
		{77890B8F-BDF8-4558-83A6-8161285CE6EE}.Debug|x86.Build.0 = Debug|Win32
		{77890B8F-BDF8-4558-83A6-8161285CE6EE}.Release|x64.ActiveCfg = Release|x64
		{77890B8F-BDF8-4558-83A6-8161285CE6EE}.Release|x64.Build.0 = Release|x64
		{77890B8F-BDF8-4558-83A6-8161285CE6EE}.Release|x86.ActiveCfg = Release|Win32
		{77890B8F-BDF8-4558-83A6-8161285CE6EE}.Release|x86.Build.0 = Release|Win32
		{8E3F6CE6-C9D2-4ECB-A93F-908C89B6520E}.Debug|x64.ActiveCfg = Debug|x64
		{8E3F6CE6-C9D2-4ECB-A93F-908C89B6520E}.Debug|x64.Build.0 = Debug|x64
		{8E3F6CE6-C9D2-4ECB-A93F-908C89B6520E}.Debug|x86.ActiveCfg = Debug|Win32
		{8E3F6CE6-C9D2-4ECB-A93F-908C89B6520E}.Debug|x86.Build.0 = Debug|Win32
		{8E3F6CE6-C9D2-4ECB-A93F-908C89B6520E}.Release|x64.ActiveCfg = Release|x64
		{8E3F6CE6-C9D2-4ECB-A93F-908C89B6520E}.Release|x64.Build.0 = Release|x64
		{8E3F6CE6-C9D2-4ECB-A93F-908C89B6520E}.Release|x86.ActiveCfg = Release|Win32
		{8E3F6CE6-C9D2-4ECB-A93F-908C89B6520E}.Release|x86.Build.0 = Release|Win32
		{EDD8EC5C-92E7-4D46-A6DD-BA426621C103}.Debug|x64.ActiveCfg = Debug|x64
		{EDD8EC5C-92E7-4D46-A6DD-BA426621C103}.Debug|x64.Build.0 = Debug|x64
		{EDD8EC5C-92E7-4D46-A6DD-BA426621C103}.Debug|x86.ActiveCfg = Debug|Win32
		{EDD8EC5C-92E7-4D46-A6DD-BA426621C103}.Debug|x86.Build.0 = Debug|Win32
		{EDD8EC5C-92E7-4D46-A6DD-BA426621C103}.Release|x64.ActiveCfg = Release|x64
		{EDD8EC5C-92E7-4D46-A6DD-BA426621C103}.Release|x64.Build.0 = Release|x64
		{EDD8EC5C-92E7-4D46-A6DD-BA426621C103}.Release|x86.ActiveCfg = Release|Win32
		{EDD8EC5C-92E7-4D46-A6DD-BA426621C103}.Release|x86.Build.0 = Release|Win32
		{2DEB6EE2-4E9A-400F-953C-53E2C6880676}.Debug|x64.ActiveCfg = Debug|x64
		{2DEB6EE2-4E9A-400F-953C-53E2C6880676}.Debug|x64.Build.0 = Debug|x64
		{2DEB6EE2-4E9A-400F-953C-53E2C6880676}.Debug|x86.ActiveCfg = Debug|Win32
		{2DEB6EE2-4E9A-400F-953C-53E2C6880676}.Debug|x86.Build.0 = Debug|Win32
		{2DEB6EE2-4E9A-400F-953C-53E2C6880676}.Release|x64.ActiveCfg = Release|x64
		{2DEB6EE2-4E9A-400F-953C-53E2C6880676}.Release|x64.Build.0 = Release|x64
		{2DEB6EE2-4E9A-400F-953C-53E2C6880676}.Release|x86.ActiveCfg = Release|Win32
		{2DEB6EE2-4E9A-400F-953C-53E2C6880676}.Release|x86.Build.0 = Release|Win32
		{CE3F0981-203B-4C31-BE46-771B2277C991}.Debug|x64.ActiveCfg = Debug|x64
		{CE3F0981-203B-4C31-BE46-771B2277C991}.Debug|x64.Build.0 = Debug|x64
		{CE3F0981-203B-4C31-BE46-771B2277C991}.Debug|x86.ActiveCfg = Debug|Win32
		{CE3F0981-203B-4C31-BE46-771B2277C991}.Debug|x86.Build.0 = Debug|Win32
		{CE3F0981-203B-4C31-BE46-771B2277C991}.Release|x64.ActiveCfg = Release|x64
		{CE3F0981-203B-4C31-BE46-771B2277C991}.Release|x64.Build.0 = Release|x64
		{CE3F0981-203B-4C31-BE46-771B2277C991}.Release|x86.ActiveCfg = Release|Win32
		{CE3F0981-203B-4C31-BE46-771B2277C991}.Release|x86.Build.0 = Release|Win32
		{D0D2BF7E-B19F-44A3-8114-EE706E6BC33E}.Debug|x64.ActiveCfg = Debug|x64
		{D0D2BF7E-B19F-44A3-8114-EE706E6BC33E}.Debug|x64.Build.0 = Debug|x64
		{D0D2BF7E-B19F-44A3-8114-EE706E6BC33E}.Debug|x86.ActiveCfg = Debug|Win32
		{D0D2BF7E-B19F-44A3-8114-EE706E6BC33E}.Debug|x86.Build.0 = Debug|Win32
		{D0D2BF7E-B19F-44A3-8114-EE706E6BC33E}.Release|x64.ActiveCfg = Release|x64
		{D0D2BF7E-B19F-44A3-8114-EE706E6BC33E}.Release|x64.Build.0 = Release|x64
		{D0D2BF7E-B19F-44A3-8114-EE706E6BC33E}.Release|x86.ActiveCfg = Release|Win32
		{D0D2BF7E-B19F-44A3-8114-EE706E6BC33E}.Release|x86.Build.0 = Release|Win32
		{B0340CF0-0B6F-491A-A414-DDF604F15AEE}.Debug|x64.ActiveCfg = Debug|x64
		{B0340CF0-0B6F-491A-A414-DDF604F15AEE}.Debug|x64.Build.0 = Debug|x64
		{B0340CF0-0B6F-491A-A414-DDF604F15AEE}.Debug|x86.ActiveCfg = Debug|Win32
		{B0340CF0-0B6F-491A-A414-DDF604F15AEE}.Debug|x86.Build.0 = Debug|Win32
		{B0340CF0-0B6F-491A-A414-DDF604F15AEE}.Release|x64.ActiveCfg = Release|x64
		{B0340CF0-0B6F-491A-A414-DDF604F15AEE}.Release|x64.Build.0 = Release|x64
		{B0340CF0-0B6F-491A-A414-DDF604F15AEE}.Release|x86.ActiveCfg = Release|Win32
		{B0340CF0-0B6F-491A-A414-DDF604F15AEE}.Release|x86.Build.0 = Release|Win32
		{C22CACEF-C104-4DC9-AF16-B98438F9E597}.Debug|x64.ActiveCfg = Debug|x64
		{C22CACEF-C104-4DC9-AF16-B98438F9E597}.Debug|x64.Build.0 = Debug|x64
		{C22CACEF-C104-4DC9-AF16-B98438F9E597}.Debug|x86.ActiveCfg = Debug|Win32
		{C22CACEF-C104-4DC9-AF16-B98438F9E597}.Debug|x86.Build.0 = Debug|Win32
		{C22CACEF-C104-4DC9-AF16-B98438F9E597}.Release|x64.ActiveCfg = Release|x64
		{C22CACEF-C104-4DC9-AF16-B98438F9E597}.Release|x64.Build.0 = Release|x64
		{C22CACEF-C104-4DC9-AF16-B98438F9E597}.Release|x86.ActiveCfg = Release|Win32
		{C22CACEF-C104-4DC9-AF16-B98438F9E597}.Release|x86.Build.0 = Release|Win32
		{93B86B3D-8DCE-4639-8A8D-ADF948C387D0}.Debug|x64.ActiveCfg = Debug|x64
		{93B86B3D-8DCE-4639-8A8D-ADF948C387D0}.Debug|x64.Build.0 = Debug|x64
		{93B86B3D-8DCE-4639-8A8D-ADF948C387D0}.Debug|x86.ActiveCfg = Debug|Win32
		{93B86B3D-8DCE-4639-8A8D-ADF948C387D0}.Debug|x86.Build.0 = Debug|Win32
		{93B86B3D-8DCE-4639-8A8D-ADF948C387D0}.Release|x64.ActiveCfg = Release|x64
		{93B86B3D-8DCE-4639-8A8D-ADF948C387D0}.Release|x64.Build.0 = Release|x64
		{93B86B3D-8DCE-4639-8A8D-ADF948C387D0}.Release|x86.ActiveCfg = Release|Win32
		{93B86B3D-8DCE-4639-8A8D-ADF948C387D0}.Release|x86.Build.0 = Release|Win32
		{7F246960-9650-4EB0-8C6F-36B67149AB30}.Debug|x64.ActiveCfg = Debug|x64
		{7F246960-9650-4EB0-8C6F-36B67149AB30}.Debug|x64.Build.0 = Debug|x64
		{7F246960-9650-4EB0-8C6F-36B67149AB30}.Debug|x86.ActiveCfg = Debug|Win32
		{7F246960-9650-4EB0-8C6F-36B67149AB30}.Debug|x86.Build.0 = Debug|Win32
		{7F246960-9650-4EB0-8C6F-36B67149AB30}.Release|x64.ActiveCfg = Release|x64
		{7F246960-9650-4EB0-8C6F-36B67149AB30}.Release|x64.Build.0 = Release|x64
		{7F246960-9650-4EB0-8C6F-36B67149AB30}.Release|x86.ActiveCfg = Release|Win32
		{7F246960-9650-4EB0-8C6F-36B67149AB30}.Release|x86.Build.0 = Release|Win32
		{D2179019-6FCE-4CA1-8C79-45D573B8A4FB}.Debug|x64.ActiveCfg = Debug|x64
		{D2179019-6FCE-4CA1-8C79-45D573B8A4FB}.Debug|x64.Build.0 = Debug|x64
		{D2179019-6FCE-4CA1-8C79-45D573B8A4FB}.Debug|x86.ActiveCfg = Debug|Win32
		{D2179019-6FCE-4CA1-8C79-45D573B8A4FB}.Debug|x86.Build.0 = Debug|Win32
		{D2179019-6FCE-4CA1-8C79-45D573B8A4FB}.Release|x64.ActiveCfg = Release|x64
		{D2179019-6FCE-4CA1-8C79-45D573B8A4FB}.Release|x64.Build.0 = Release|x64
		{D2179019-6FCE-4CA1-8C79-45D573B8A4FB}.Release|x86.ActiveCfg = Release|Win32
		{D2179019-6FCE-4CA1-8C79-45D573B8A4FB}.Release|x86.Build.0 = Release|Win32
		{6CCB152C-F199-42D6-92F9-76830CA8EFF6}.Debug|x64.ActiveCfg = Debug|x64
		{6CCB152C-F199-42D6-92F9-76830CA8EFF6}.Debug|x64.Build.0 = Debug|x64
		{6CCB152C-F199-42D6-92F9-76830CA8EFF6}.Debug|x86.ActiveCfg = Debug|Win32
		{6CCB152C-F199-42D6-92F9-76830CA8EFF6}.Debug|x86.Build.0 = Debug|Win32
		{6CCB152C-F199-42D6-92F9-76830CA8EFF6}.Release|x64.ActiveCfg = Release|x64
		{6CCB152C-F199-42D6-92F9-76830CA8EFF6}.Release|x64.Build.0 = Release|x64
		{6CCB152C-F199-42D6-92F9-76830CA8EFF6}.Release|x86.ActiveCfg = Release|Win32
		{6CCB152C-F199-42D6-92F9-76830CA8EFF6}.Release|x86.Build.0 = Release|Win32
		{E8E2CF45-00D2-4E5E-8374-98E71AA87F59}.Debug|x64.ActiveCfg = Debug|x64
		{E8E2CF45-00D2-4E5E-8374-98E71AA87F59}.Debug|x64.Build.0 = Debug|x64
		{E8E2CF45-00D2-4E5E-8374-98E71AA87F59}.Debug|x86.ActiveCfg = Debug|Win32
		{E8E2CF45-00D2-4E5E-8374-98E71AA87F59}.Debug|x86.Build.0 = Debug|Win32
		{E8E2CF45-00D2-4E5E-8374-98E71AA87F59}.Release|x64.ActiveCfg = Release|x64
		{E8E2CF45-00D2-4E5E-8374-98E71AA87F59}.Release|x64.Build.0 = Release|x64
		{E8E2CF45-00D2-4E5E-8374-98E71AA87F59}.Release|x86.ActiveCfg = Release|Win32
		{E8E2CF45-00D2-4E5E-8374-98E71AA87F59}.Release|x86.Build.0 = Release|Win32
		{0D3ABC2C-1117-4E6D-9790-13E1BEAACB98}.Debug|x64.ActiveCfg = Debug|x64
		{0D3ABC2C-1117-4E6D-9790-13E1BEAACB98}.Debug|x64.Build.0 = Debug|x64
		{0D3ABC2C-1117-4E6D-9790-13E1BEAACB98}.Debug|x86.ActiveCfg = Debug|Win32
		{0D3ABC2C-1117-4E6D-9790-13E1BEAACB98}.Debug|x86.Build.0 = Debug|Win32
		{0D3ABC2C-1117-4E6D-9790-13E1BEAACB98}.Release|x64.ActiveCfg = Release|x64
		{0D3ABC2C-1117-4E6D-9790-13E1BEAACB98}.Release|x64.Build.0 = Release|x64
		{0D3ABC2C-1117-4E6D-9790-13E1BEAACB98}.Release|x86.ActiveCfg = Release|Win32
		{0D3ABC2C-1117-4E6D-9790-13E1BEAACB98}.Release|x86.Build.0 = Release|Win32
		{CB956198-AA08-458C-A626-959BF2D9A7E3}.Debug|x64.ActiveCfg = Debug|x64
		{CB956198-AA08-458C-A626-959BF2D9A7E3}.Debug|x64.Build.0 = Debug|x64
		{CB956198-AA08-458C-A626-959BF2D9A7E3}.Debug|x86.ActiveCfg = Debug|Win32
		{CB956198-AA08-458C-A626-959BF2D9A7E3}.Debug|x86.Build.0 = Debug|Win32
		{CB956198-AA08-458C-A626-959BF2D9A7E3}.Release|x64.ActiveCfg = Release|x64
		{CB956198-AA08-458C-A626-959BF2D9A7E3}.Release|x64.Build.0 = Release|x64
		{CB956198-AA08-458C-A626-959BF2D9A7E3}.Release|x86.ActiveCfg = Release|Win32
		{CB956198-AA08-458C-A626-959BF2D9A7E3}.Release|x86.Build.0 = Release|Win32
		{E358158B-C96F-4DC9-81CE-0ED7B09E5EA0}.Debug|x64.ActiveCfg = Debug|x64
		{E358158B-C96F-4DC9-81CE-0ED7B09E5EA0}.Debug|x64.Build.0 = Debug|x64
		{E358158B-C96F-4DC9-81CE-0ED7B09E5EA0}.Debug|x86.ActiveCfg = Debug|Win32
		{E358158B-C96F-4DC9-81CE-0ED7B09E5EA0}.Debug|x86.Build.0 = Debug|Win32
		{E358158B-C96F-4DC9-81CE-0ED7B09E5EA0}.Release|x64.ActiveCfg = Release|x64
		{E358158B-C96F-4DC9-81CE-0ED7B09E5EA0}.Release|x64.Build.0 = Release|x64
		{E358158B-C96F-4DC9-81CE-0ED7B09E5EA0}.Release|x86.ActiveCfg = Release|Win32
		{E358158B-C96F-4DC9-81CE-0ED7B09E5EA0}.Release|x86.Build.0 = Release|Win32
	EndGlobalSection
	GlobalSection(SolutionProperties) = preSolution
		HideSolutionNode = FALSE
	EndGlobalSection
	GlobalSection(ExtensibilityGlobals) = postSolution
		SolutionGuid = {09FE4E30-DB77-4722-9250-E613B1744908}
	EndGlobalSection
EndGlobal
