
Microsoft Visual Studio Solution File, Format Version 12.00
# Visual Studio Version 17
VisualStudioVersion = 17.7.34009.444
MinimumVisualStudioVersion = 10.0.40219.1
Project("{8BC9CEB8-8B4A-11D0-8D11-00A0C91BC942}") = "Project2", "Project2\Project2.vcxproj", "{7906A0FB-C270-4335-939E-9350055F0249}"
EndProject
Project("{8BC9CEB8-8B4A-11D0-8D11-00A0C91BC942}") = "2910", "2910\2910.vcxproj", "{F2326E15-ACB9-4B9C-801E-665018E07A0B}"
EndProject
Project("{8BC9CEB8-8B4A-11D0-8D11-00A0C91BC942}") = "2583", "2583\2583.vcxproj", "{C8238388-1F78-445F-8765-62DB654E5FFF}"
EndProject
Project("{8BC9CEB8-8B4A-11D0-8D11-00A0C91BC942}") = "2178", "2178\2178.vcxproj", "{2BF3DF6E-F8D7-473D-A81E-639C1425D0BE}"
EndProject
Project("{8BC9CEB8-8B4A-11D0-8D11-00A0C91BC942}") = "14502", "14502\14502.vcxproj", "{C73E57E2-CB5E-47CF-8D0E-D44193A034A5}"
EndProject
Project("{8BC9CEB8-8B4A-11D0-8D11-00A0C91BC942}") = "1920", "1920\1920.vcxproj", "{E9FEFB75-A15D-487D-AF8F-D4C2C9304992}"
EndProject
Project("{8BC9CEB8-8B4A-11D0-8D11-00A0C91BC942}") = "17266", "17266\17266.vcxproj", "{5722EAB7-541C-425F-861C-818209712022}"
EndProject
Project("{8BC9CEB8-8B4A-11D0-8D11-00A0C91BC942}") = "11687", "11687\11687.vcxproj", "{77890B8F-BDF8-4558-83A6-8161285CE6EE}"
EndProject
Global
	GlobalSection(SolutionConfigurationPlatforms) = preSolution
		Debug|x64 = Debug|x64
		Debug|x86 = Debug|x86
		Release|x64 = Release|x64
		Release|x86 = Release|x86
	EndGlobalSection
	GlobalSection(ProjectConfigurationPlatforms) = postSolution
		{7906A0FB-C270-4335-939E-9350055F0249}.Debug|x64.ActiveCfg = Debug|x64
		{7906A0FB-C270-4335-939E-9350055F0249}.Debug|x64.Build.0 = Debug|x64
		{7906A0FB-C270-4335-939E-9350055F0249}.Debug|x86.ActiveCfg = Debug|Win32
		{7906A0FB-C270-4335-939E-9350055F0249}.Debug|x86.Build.0 = Debug|Win32
		{7906A0FB-C270-4335-939E-9350055F0249}.Release|x64.ActiveCfg = Release|x64
		{7906A0FB-C270-4335-939E-9350055F0249}.Release|x64.Build.0 = Release|x64
		{7906A0FB-C270-4335-939E-9350055F0249}.Release|x86.ActiveCfg = Release|Win32
		{7906A0FB-C270-4335-939E-9350055F0249}.Release|x86.Build.0 = Release|Win32
		{F2326E15-ACB9-4B9C-801E-665018E07A0B}.Debug|x64.ActiveCfg = Debug|x64
		{F2326E15-ACB9-4B9C-801E-665018E07A0B}.Debug|x64.Build.0 = Debug|x64
		{F2326E15-ACB9-4B9C-801E-665018E07A0B}.Debug|x86.ActiveCfg = Debug|Win32
		{F2326E15-ACB9-4B9C-801E-665018E07A0B}.Debug|x86.Build.0 = Debug|Win32
		{F2326E15-ACB9-4B9C-801E-665018E07A0B}.Release|x64.ActiveCfg = Release|x64
		{F2326E15-ACB9-4B9C-801E-665018E07A0B}.Release|x64.Build.0 = Release|x64
		{F2326E15-ACB9-4B9C-801E-665018E07A0B}.Release|x86.ActiveCfg = Release|Win32
		{F2326E15-ACB9-4B9C-801E-665018E07A0B}.Release|x86.Build.0 = Release|Win32
		{C8238388-1F78-445F-8765-62DB654E5FFF}.Debug|x64.ActiveCfg = Debug|x64
		{C8238388-1F78-445F-8765-62DB654E5FFF}.Debug|x64.Build.0 = Debug|x64
		{C8238388-1F78-445F-8765-62DB654E5FFF}.Debug|x86.ActiveCfg = Debug|Win32
		{C8238388-1F78-445F-8765-62DB654E5FFF}.Debug|x86.Build.0 = Debug|Win32
		{C8238388-1F78-445F-8765-62DB654E5FFF}.Release|x64.ActiveCfg = Release|x64
		{C8238388-1F78-445F-8765-62DB654E5FFF}.Release|x64.Build.0 = Release|x64
		{C8238388-1F78-445F-8765-62DB654E5FFF}.Release|x86.ActiveCfg = Release|Win32
		{C8238388-1F78-445F-8765-62DB654E5FFF}.Release|x86.Build.0 = Release|Win32
		{2BF3DF6E-F8D7-473D-A81E-639C1425D0BE}.Debug|x64.ActiveCfg = Debug|x64
		{2BF3DF6E-F8D7-473D-A81E-639C1425D0BE}.Debug|x64.Build.0 = Debug|x64
		{2BF3DF6E-F8D7-473D-A81E-639C1425D0BE}.Debug|x86.ActiveCfg = Debug|Win32
		{2BF3DF6E-F8D7-473D-A81E-639C1425D0BE}.Debug|x86.Build.0 = Debug|Win32
		{2BF3DF6E-F8D7-473D-A81E-639C1425D0BE}.Release|x64.ActiveCfg = Release|x64
		{2BF3DF6E-F8D7-473D-A81E-639C1425D0BE}.Release|x64.Build.0 = Release|x64
		{2BF3DF6E-F8D7-473D-A81E-639C1425D0BE}.Release|x86.ActiveCfg = Release|Win32
		{2BF3DF6E-F8D7-473D-A81E-639C1425D0BE}.Release|x86.Build.0 = Release|Win32
		{C73E57E2-CB5E-47CF-8D0E-D44193A034A5}.Debug|x64.ActiveCfg = Debug|x64
		{C73E57E2-CB5E-47CF-8D0E-D44193A034A5}.Debug|x64.Build.0 = Debug|x64
		{C73E57E2-CB5E-47CF-8D0E-D44193A034A5}.Debug|x86.ActiveCfg = Debug|Win32
		{C73E57E2-CB5E-47CF-8D0E-D44193A034A5}.Debug|x86.Build.0 = Debug|Win32
		{C73E57E2-CB5E-47CF-8D0E-D44193A034A5}.Release|x64.ActiveCfg = Release|x64
		{C73E57E2-CB5E-47CF-8D0E-D44193A034A5}.Release|x64.Build.0 = Release|x64
		{C73E57E2-CB5E-47CF-8D0E-D44193A034A5}.Release|x86.ActiveCfg = Release|Win32
		{C73E57E2-CB5E-47CF-8D0E-D44193A034A5}.Release|x86.Build.0 = Release|Win32
		{E9FEFB75-A15D-487D-AF8F-D4C2C9304992}.Debug|x64.ActiveCfg = Debug|x64
		{E9FEFB75-A15D-487D-AF8F-D4C2C9304992}.Debug|x64.Build.0 = Debug|x64
		{E9FEFB75-A15D-487D-AF8F-D4C2C9304992}.Debug|x86.ActiveCfg = Debug|Win32
		{E9FEFB75-A15D-487D-AF8F-D4C2C9304992}.Debug|x86.Build.0 = Debug|Win32
		{E9FEFB75-A15D-487D-AF8F-D4C2C9304992}.Release|x64.ActiveCfg = Release|x64
		{E9FEFB75-A15D-487D-AF8F-D4C2C9304992}.Release|x64.Build.0 = Release|x64
		{E9FEFB75-A15D-487D-AF8F-D4C2C9304992}.Release|x86.ActiveCfg = Release|Win32
		{E9FEFB75-A15D-487D-AF8F-D4C2C9304992}.Release|x86.Build.0 = Release|Win32
		{5722EAB7-541C-425F-861C-818209712022}.Debug|x64.ActiveCfg = Debug|x64
		{5722EAB7-541C-425F-861C-818209712022}.Debug|x64.Build.0 = Debug|x64
		{5722EAB7-541C-425F-861C-818209712022}.Debug|x86.ActiveCfg = Debug|Win32
		{5722EAB7-541C-425F-861C-818209712022}.Debug|x86.Build.0 = Debug|Win32
		{5722EAB7-541C-425F-861C-818209712022}.Release|x64.ActiveCfg = Release|x64
		{5722EAB7-541C-425F-861C-818209712022}.Release|x64.Build.0 = Release|x64
		{5722EAB7-541C-425F-861C-818209712022}.Release|x86.ActiveCfg = Release|Win32
		{5722EAB7-541C-425F-861C-818209712022}.Release|x86.Build.0 = Release|Win32
		{77890B8F-BDF8-4558-83A6-8161285CE6EE}.Debug|x64.ActiveCfg = Debug|x64
		{77890B8F-BDF8-4558-83A6-8161285CE6EE}.Debug|x64.Build.0 = Debug|x64
		{77890B8F-BDF8-4558-83A6-8161285CE6EE}.Debug|x86.ActiveCfg = Debug|Win32
		{77890B8F-BDF8-4558-83A6-8161285CE6EE}.Debug|x86.Build.0 = Debug|Win32
		{77890B8F-BDF8-4558-83A6-8161285CE6EE}.Release|x64.ActiveCfg = Release|x64
		{77890B8F-BDF8-4558-83A6-8161285CE6EE}.Release|x64.Build.0 = Release|x64
		{77890B8F-BDF8-4558-83A6-8161285CE6EE}.Release|x86.ActiveCfg = Release|Win32
		{77890B8F-BDF8-4558-83A6-8161285CE6EE}.Release|x86.Build.0 = Release|Win32
	EndGlobalSection
	GlobalSection(SolutionProperties) = preSolution
		HideSolutionNode = FALSE
	EndGlobalSection
	GlobalSection(ExtensibilityGlobals) = postSolution
		SolutionGuid = {09FE4E30-DB77-4722-9250-E613B1744908}
	EndGlobalSection
EndGlobal
