
Microsoft Visual Studio Solution File, Format Version 12.00
# Visual Studio Version 17
VisualStudioVersion = 17.7.34009.444
MinimumVisualStudioVersion = 10.0.40219.1
Project("{8BC9CEB8-8B4A-11D0-8D11-00A0C91BC942}") = "2910", "2910\2910.vcxproj", "{F2326E15-ACB9-4B9C-801E-665018E07A0B}"
EndProject
Project("{8BC9CEB8-8B4A-11D0-8D11-00A0C91BC942}") = "2583", "2583\2583.vcxproj", "{C8238388-1F78-445F-8765-62DB654E5FFF}"
EndProject
Project("{8BC9CEB8-8B4A-11D0-8D11-00A0C91BC942}") = "2178", "2178\2178.vcxproj", "{2BF3DF6E-F8D7-473D-A81E-639C1425D0BE}"
EndProject
Project("{8BC9CEB8-8B4A-11D0-8D11-00A0C91BC942}") = "14502", "14502\14502.vcxproj", "{C73E57E2-CB5E-47CF-8D0E-D44193A034A5}"
EndProject
Project("{8BC9CEB8-8B4A-11D0-8D11-00A0C91BC942}") = "1920", "1920\1920.vcxproj", "{E9FEFB75-A15D-487D-AF8F-D4C2C9304992}"
EndProject
Project("{8BC9CEB8-8B4A-11D0-8D11-00A0C91BC942}") = "17266", "17266\17266.vcxproj", "{5722EAB7-541C-425F-861C-818209712022}"
EndProject
Project("{8BC9CEB8-8B4A-11D0-8D11-00A0C91BC942}") = "11687", "11687\11687.vcxproj", "{77890B8F-BDF8-4558-83A6-8161285CE6EE}"
EndProject
Project("{8BC9CEB8-8B4A-11D0-8D11-00A0C91BC942}") = "2792", "2792\2792.vcxproj", "{8E3F6CE6-C9D2-4ECB-A93F-908C89B6520E}"
EndProject
Project("{8BC9CEB8-8B4A-11D0-8D11-00A0C91BC942}") = "3020", "3020\3020.vcxproj", "{EDD8EC5C-92E7-4D46-A6DD-BA426621C103}"
EndProject
Project("{8BC9CEB8-8B4A-11D0-8D11-00A0C91BC942}") = "1121_1c", "1121_1c\1121_1c.vcxproj", "{2DEB6EE2-4E9A-400F-953C-53E2C6880676}"
EndProject
Project("{8BC9CEB8-8B4A-11D0-8D11-00A0C91BC942}") = "1463", "1463\1463.vcxproj", "{CE3F0981-203B-4C31-BE46-771B2277C991}"
EndProject
Project("{8BC9CEB8-8B4A-11D0-8D11-00A0C91BC942}") = "9095", "9095\9095.vcxproj", "{D0D2BF7E-B19F-44A3-8114-EE706E6BC33E}"
EndProject
Project("{8BC9CEB8-8B4A-11D0-8D11-00A0C91BC942}") = "2579", "2579\2579.vcxproj", "{B0340CF0-0B6F-491A-A414-DDF604F15AEE}"
EndProject
Project("{8BC9CEB8-8B4A-11D0-8D11-00A0C91BC942}") = "11726", "11726\11726.vcxproj", "{C22CACEF-C104-4DC9-AF16-B98438F9E597}"
EndProject
Project("{8BC9CEB8-8B4A-11D0-8D11-00A0C91BC942}") = "11722", "11722\11722.vcxproj", "{93B86B3D-8DCE-4639-8A8D-ADF948C387D0}"
EndProject
Project("{8BC9CEB8-8B4A-11D0-8D11-00A0C91BC942}") = "1121_c", "1121_c\1121_c.vcxproj", "{E358158B-C96F-4DC9-81CE-0ED7B09E5EA0}"
EndProject
Project("{8BC9CEB8-8B4A-11D0-8D11-00A0C91BC942}") = "14719", "14719\14719.vcxproj", "{D2179019-6FCE-4CA1-8C79-45D573B8A4FB}"
EndProject
Project("{8BC9CEB8-8B4A-11D0-8D11-00A0C91BC942}") = "1966", "1966\1966.vcxproj", "{6CCB152C-F199-42D6-92F9-76830CA8EFF6}"
EndProject
Project("{8BC9CEB8-8B4A-11D0-8D11-00A0C91BC942}") = "10813", "10813\10813.vcxproj", "{E8E2CF45-00D2-4E5E-8374-98E71AA87F59}"
EndProject
Project("{8BC9CEB8-8B4A-11D0-8D11-00A0C91BC942}") = "14503", "14503\14503.vcxproj", "{0D3ABC2C-1117-4E6D-9790-13E1BEAACB98}"
EndProject
Project("{8BC9CEB8-8B4A-11D0-8D11-00A0C91BC942}") = "16236", "16236\16236.vcxproj", "{CB956198-AA08-458C-A626-959BF2D9A7E3}"
EndProject
Project("{8BC9CEB8-8B4A-11D0-8D11-00A0C91BC942}") = "5557", "5557\5557.vcxproj", "{040F9648-2907-4F11-8972-B2DE788ED6D7}"
EndProject
Project("{8BC9CEB8-8B4A-11D0-8D11-00A0C91BC942}") = "1722", "1722\1722.vcxproj", "{484E0EDF-BCF1-494D-BA0C-E1CE95EC5414}"
EndProject
Project("{8BC9CEB8-8B4A-11D0-8D11-00A0C91BC942}") = "2056", "2056\2056.vcxproj", "{C085A3EE-15B0-46E3-A0C8-FDD4F7C3364F}"
EndProject
Project("{8BC9CEB8-8B4A-11D0-8D11-00A0C91BC942}") = "1516", "1516\1516.vcxproj", "{B428C872-50B3-4AF0-AD63-741F275AE50E}"
EndProject
Project("{8BC9CEB8-8B4A-11D0-8D11-00A0C91BC942}") = "2252", "2252\2252.vcxproj", "{FFD13B27-9C68-4A29-9132-85BB9E3FC3A9}"
EndProject
Project("{8BC9CEB8-8B4A-11D0-8D11-00A0C91BC942}") = "15663", "15663\15663.vcxproj", "{50942B93-192F-44DB-B2A3-6F23FDA58CED}"
EndProject
Project("{8BC9CEB8-8B4A-11D0-8D11-00A0C91BC942}") = "1260", "1260\1260.vcxproj", "{A4CF4AA5-8140-4829-BB2B-94494FE1557B}"
EndProject
Project("{8BC9CEB8-8B4A-11D0-8D11-00A0C91BC942}") = "24444", "24444\24444.vcxproj", "{B16818F4-EE16-463C-812D-70681468D6CE}"
EndProject
Project("{8BC9CEB8-8B4A-11D0-8D11-00A0C91BC942}") = "14940", "14940\14940.vcxproj", "{2AFA12A2-994F-4CDB-BD28-F069B06781FB}"
EndProject
Project("{8BC9CEB8-8B4A-11D0-8D11-00A0C91BC942}") = "14923", "14923\14923.vcxproj", "{D6CD2CA1-45BB-4C05-9701-B432F37470AA}"
EndProject
Project("{8BC9CEB8-8B4A-11D0-8D11-00A0C91BC942}") = "17144", "17144\17144.vcxproj", "{A45E226E-C5A4-4E33-80D5-C69945FD878E}"
EndProject
Project("{8BC9CEB8-8B4A-11D0-8D11-00A0C91BC942}") = "2003", "2003\2003.vcxproj", "{054B69EE-A2AD-4C58-8941-B3EA2D1D4076}"
EndProject
Project("{8BC9CEB8-8B4A-11D0-8D11-00A0C91BC942}") = "1806", "1806\1806.vcxproj", "{DD9824A9-9D69-434C-83AD-36F156A5023D}"
EndProject
Project("{8BC9CEB8-8B4A-11D0-8D11-00A0C91BC942}") = "3060", "3060\3060.vcxproj", "{A134034F-8BBA-45E2-A19F-FBE84FE9715E}"
EndProject
Project("{8BC9CEB8-8B4A-11D0-8D11-00A0C91BC942}") = "17143", "17143\17143.vcxproj", "{A182AC3E-3FCB-4226-BACA-FB650A658F18}"
EndProject
Project("{8BC9CEB8-8B4A-11D0-8D11-00A0C91BC942}") = "2512", "2512\2512.vcxproj", "{689A5E9F-FCFA-49C3-8648-622F9844C64D}"
EndProject
Project("{8BC9CEB8-8B4A-11D0-8D11-00A0C91BC942}") = "1300", "1300\1300.vcxproj", "{BC64A678-1718-4F75-93E3-8F07287630DF}"
EndProject
Project("{8BC9CEB8-8B4A-11D0-8D11-00A0C91BC942}") = "1926", "1926\1926.vcxproj", "{F2CA71DB-B090-4D6C-BEF9-804914858BAA}"
EndProject
Project("{8BC9CEB8-8B4A-11D0-8D11-00A0C91BC942}") = "1038", "1038\1038.vcxproj", "{9EEE8E26-38F8-4B97-9F21-492CEE0F911A}"
EndProject
Project("{8BC9CEB8-8B4A-11D0-8D11-00A0C91BC942}") = "17265", "17265\17265.vcxproj", "{5D92204A-B9ED-42D1-B0F4-3DE0B0F2D768}"
EndProject
Project("{8BC9CEB8-8B4A-11D0-8D11-00A0C91BC942}") = "8911", "8911\8911.vcxproj", "{D4CC2D54-26DA-464B-9006-7AFF683E8E13}"
EndProject
Project("{8BC9CEB8-8B4A-11D0-8D11-00A0C91BC942}") = "1141", "1141\1141.vcxproj", "{25CFFA66-A7EF-4BE1-858E-F86667C38ED0}"
EndProject
Project("{8BC9CEB8-8B4A-11D0-8D11-00A0C91BC942}") = "11559", "11559\11559.vcxproj", "{BDE68C86-9AFE-4AB1-AF28-57D36285C4E5}"
EndProject
Project("{8BC9CEB8-8B4A-11D0-8D11-00A0C91BC942}") = "21610", "21610\21610.vcxproj", "{BD265F7E-CB9B-4514-A88D-2C4FBFEB79C2}"
EndProject
Project("{8BC9CEB8-8B4A-11D0-8D11-00A0C91BC942}") = "9935", "9935\9935.vcxproj", "{8E50F809-16F1-4199-B439-5817CBAF3401}"
EndProject
Project("{8BC9CEB8-8B4A-11D0-8D11-00A0C91BC942}") = "8111", "8111\8111.vcxproj", "{BEEB74FB-3C95-4573-A088-00AF94EA0003}"
EndProject
Project("{8BC9CEB8-8B4A-11D0-8D11-00A0C91BC942}") = "10802", "10802\10802.vcxproj", "{2CE673E5-B599-413C-BBE8-55F5EA8782B4}"
EndProject
Project("{8BC9CEB8-8B4A-11D0-8D11-00A0C91BC942}") = "2357", "2357\2357.vcxproj", "{0BCADA5B-475D-4460-9581-A067223EF428}"
EndProject
Project("{8BC9CEB8-8B4A-11D0-8D11-00A0C91BC942}") = "1655", "1655\1655.vcxproj", "{EF842D18-BCC8-405E-9846-7ABED90423D3}"
EndProject
Project("{8BC9CEB8-8B4A-11D0-8D11-00A0C91BC942}") = "1520", "1520\1520.vcxproj", "{220A9189-53D8-4335-AAD6-9CE8584C94FD}"
EndProject
Project("{8BC9CEB8-8B4A-11D0-8D11-00A0C91BC942}") = "2206", "2206\2206.vcxproj", "{8978A4E3-2B0A-4F80-95FA-360BC2218AA6}"
EndProject
Project("{8BC9CEB8-8B4A-11D0-8D11-00A0C91BC942}") = "1937", "1937\1937.vcxproj", "{1B60187D-9EE5-4BA0-849D-5A64420FEE32}"
EndProject
Project("{8BC9CEB8-8B4A-11D0-8D11-00A0C91BC942}") = "2470", "2470\2470.vcxproj", "{7394433D-8182-459D-9362-60BCA31EA236}"
EndProject
Project("{8BC9CEB8-8B4A-11D0-8D11-00A0C91BC942}") = "1889", "1889\1889.vcxproj", "{FC4979F1-7ADD-4618-B09B-4F9D55F3DD7B}"
EndProject
Project("{8BC9CEB8-8B4A-11D0-8D11-00A0C91BC942}") = "1941", "1941\1941.vcxproj", "{E83A829A-19E4-4A14-BC83-C1BD4BA0A8EA}"
EndProject
Project("{8BC9CEB8-8B4A-11D0-8D11-00A0C91BC942}") = "2623", "2623\2623.vcxproj", "{3BFE6DD3-3E61-4FBE-A22F-A829A980EEC4}"
EndProject
Project("{8BC9CEB8-8B4A-11D0-8D11-00A0C91BC942}") = "10798", "10798\10798.vcxproj", "{4FAA5E06-C46A-4B73-8C1F-BEC2C7D2DCB7}"
EndProject
Project("{8BC9CEB8-8B4A-11D0-8D11-00A0C91BC942}") = "11047", "11047\11047.vcxproj", "{857A6542-B385-4E55-9961-97C445DFB9E3}"
EndProject
Project("{8BC9CEB8-8B4A-11D0-8D11-00A0C91BC942}") = "2828", "2828\2828.vcxproj", "{2726F65A-6AE9-469E-AEF6-D9B319CFA398}"
EndProject
Project("{8BC9CEB8-8B4A-11D0-8D11-00A0C91BC942}") = "1010", "1010\1010.vcxproj", "{C3047303-912F-49DA-AE5A-E660733CF6A6}"
EndProject
Project("{8BC9CEB8-8B4A-11D0-8D11-00A0C91BC942}") = "14889", "14889\14889.vcxproj", "{6DF15B03-A971-42F7-B3DA-57235C54140A}"
EndProject
Project("{8BC9CEB8-8B4A-11D0-8D11-00A0C91BC942}") = "11727", "11727\11727.vcxproj", "{C3A69DB8-A731-47C3-86F8-C8F9622329A8}"
EndProject
Project("{8BC9CEB8-8B4A-11D0-8D11-00A0C91BC942}") = "11660", "11660\11660.vcxproj", "{5D12047F-F909-416B-AF32-C989C76EC836}"
EndProject
Project("{8BC9CEB8-8B4A-11D0-8D11-00A0C91BC942}") = "1106", "1106\1106.vcxproj", "{7DD7CF92-8F4C-4AE6-AFBB-9336B0A2C56E}"
EndProject
Project("{8BC9CEB8-8B4A-11D0-8D11-00A0C91BC942}") = "2188", "2188\2188.vcxproj", "{33AF6B25-EAE1-492E-88E9-0AEB0C3CA1DD}"
EndProject
Project("{8BC9CEB8-8B4A-11D0-8D11-00A0C91BC942}") = "5525", "5525\5525.vcxproj", "{7568A690-32B6-4713-BBD6-397B18DD7EF9}"
EndProject
Project("{8BC9CEB8-8B4A-11D0-8D11-00A0C91BC942}") = "5430", "5430\5430.vcxproj", "{4F64F69B-0806-4739-9E77-56708FA2FFBB}"
EndProject
Project("{8BC9CEB8-8B4A-11D0-8D11-00A0C91BC942}") = "1715", "1715\1715.vcxproj", "{FB7910D2-23B3-4B01-B2D6-E7D0C65F6632}"
EndProject
Project("{8BC9CEB8-8B4A-11D0-8D11-00A0C91BC942}") = "2166", "2166\2166.vcxproj", "{3CA9AFC1-E319-4856-9D65-CBE00C765346}"
EndProject
Project("{8BC9CEB8-8B4A-11D0-8D11-00A0C91BC942}") = "15550", "15550\15550.vcxproj", "{D2FA0953-BC50-4B53-857C-D741B18BA6EA}"
EndProject
Project("{8BC9CEB8-8B4A-11D0-8D11-00A0C91BC942}") = "5052", "5052\5052.vcxproj", "{D879A80D-B354-4F76-8119-F20394BB01BC}"
EndProject
Project("{8BC9CEB8-8B4A-11D0-8D11-00A0C91BC942}") = "3109", "3109\3109.vcxproj", "{A5E5AB17-D07B-4C6D-AE66-7B464A37B5B7}"
EndProject
Project("{8BC9CEB8-8B4A-11D0-8D11-00A0C91BC942}") = "1600", "1600\1600.vcxproj", "{5051A127-B280-49E6-8AEC-B2C8FB5D7EC7}"
EndProject
Project("{8BC9CEB8-8B4A-11D0-8D11-00A0C91BC942}") = "1725", "1725\1725.vcxproj", "{4CD24F30-9EBC-4FC7-A7FD-A4C59AAAE033}"
EndProject
Project("{8BC9CEB8-8B4A-11D0-8D11-00A0C91BC942}") = "2331", "2331\2331.vcxproj", "{220730D3-7B2A-4DF4-B5CF-504C8770D018}"
EndProject
Project("{8BC9CEB8-8B4A-11D0-8D11-00A0C91BC942}") = "2606", "2606\2606.vcxproj", "{F215086F-553D-457B-93BD-9E1F628A79ED}"
EndProject
Project("{8BC9CEB8-8B4A-11D0-8D11-00A0C91BC942}") = "2667", "2667\2667.vcxproj", "{85DBE843-138A-456B-8E12-9A3301550621}"
EndProject
Project("{8BC9CEB8-8B4A-11D0-8D11-00A0C91BC942}") = "2138", "2138\2138.vcxproj", "{270F32CB-B9FF-4226-89B0-1FECFEEEBF9F}"
EndProject
Project("{8BC9CEB8-8B4A-11D0-8D11-00A0C91BC942}") = "14658", "14658\14658.vcxproj", "{3D60A2F9-1FDD-42A0-A957-CE443FEA4C4A}"
EndProject
Project("{8BC9CEB8-8B4A-11D0-8D11-00A0C91BC942}") = "8972", "8972\8972.vcxproj", "{12E1C3C3-1AC8-46B0-86D4-F11F2E9A6A6C}"
EndProject
Project("{8BC9CEB8-8B4A-11D0-8D11-00A0C91BC942}") = "2983", "2983\2983.vcxproj", "{D1EE648F-FD5F-463E-8814-A80D10383E8F}"
EndProject
Project("{8BC9CEB8-8B4A-11D0-8D11-00A0C91BC942}") = "1389", "1389\1389.vcxproj", "{76DFF444-E9A8-4D50-8E79-6A1EB1A34C36}"
EndProject
Project("{8BC9CEB8-8B4A-11D0-8D11-00A0C91BC942}") = "18188", "18188\18188.vcxproj", "{32D9D061-71B7-41A8-BFB3-795CABF0A7E4}"
EndProject
Project("{8BC9CEB8-8B4A-11D0-8D11-00A0C91BC942}") = "1701", "1701\1701.vcxproj", "{FE66CD02-66F1-498A-9200-4E566A994CCE}"
EndProject
Project("{8BC9CEB8-8B4A-11D0-8D11-00A0C91BC942}") = "16472", "16472\16472.vcxproj", "{1457062F-A24E-40EF-82B6-12387706A04B}"
EndProject
Project("{8BC9CEB8-8B4A-11D0-8D11-00A0C91BC942}") = "11663", "11663\11663.vcxproj", "{39025185-64D5-4DBD-AF31-33A5C073568B}"
EndProject
Project("{8BC9CEB8-8B4A-11D0-8D11-00A0C91BC942}") = "2110", "2110\2110.vcxproj", "{5C0B3FE6-1196-43A6-A569-874B2BEFEEA8}"
EndProject
Project("{8BC9CEB8-8B4A-11D0-8D11-00A0C91BC942}") = "1561", "1561\1561.vcxproj", "{9F675280-54F6-436B-9818-16531036A9C9}"
EndProject
Project("{8BC9CEB8-8B4A-11D0-8D11-00A0C91BC942}") = "1158", "1158\1158.vcxproj", "{6C7A58AC-B7E1-46DB-8421-663493D25EBB}"
EndProject
Project("{8BC9CEB8-8B4A-11D0-8D11-00A0C91BC942}") = "13305", "13305\13305.vcxproj", "{1EED4C3E-D7DA-4C60-BFD1-5942D9CFC004}"
EndProject
Project("{8BC9CEB8-8B4A-11D0-8D11-00A0C91BC942}") = "1931", "1931\1931.vcxproj", "{13751B38-32C8-4475-89B1-CB51F1A3D9C3}"
EndProject
Project("{8BC9CEB8-8B4A-11D0-8D11-00A0C91BC942}") = "2141", "2141\2141.vcxproj", "{6862B51D-CA2B-40E1-9D2E-D8AB5EFA76C6}"
EndProject
Project("{8BC9CEB8-8B4A-11D0-8D11-00A0C91BC942}") = "11404", "11404\11404.vcxproj", "{B2735270-EBAB-41A7-91A5-1C18349CD600}"
EndProject
Project("{8BC9CEB8-8B4A-11D0-8D11-00A0C91BC942}") = "2169", "2169\2169.vcxproj", "{F10AEABE-43C5-4119-91EF-EAF775993DE8}"
EndProject
Global
	GlobalSection(SolutionConfigurationPlatforms) = preSolution
		Debug|x64 = Debug|x64
		Debug|x86 = Debug|x86
		Release|x64 = Release|x64
		Release|x86 = Release|x86
	EndGlobalSection
	GlobalSection(ProjectConfigurationPlatforms) = postSolution
		{F2326E15-ACB9-4B9C-801E-665018E07A0B}.Debug|x64.ActiveCfg = Debug|x64
		{F2326E15-ACB9-4B9C-801E-665018E07A0B}.Debug|x64.Build.0 = Debug|x64
		{F2326E15-ACB9-4B9C-801E-665018E07A0B}.Debug|x86.ActiveCfg = Debug|Win32
		{F2326E15-ACB9-4B9C-801E-665018E07A0B}.Debug|x86.Build.0 = Debug|Win32
		{F2326E15-ACB9-4B9C-801E-665018E07A0B}.Release|x64.ActiveCfg = Release|x64
		{F2326E15-ACB9-4B9C-801E-665018E07A0B}.Release|x64.Build.0 = Release|x64
		{F2326E15-ACB9-4B9C-801E-665018E07A0B}.Release|x86.ActiveCfg = Release|Win32
		{F2326E15-ACB9-4B9C-801E-665018E07A0B}.Release|x86.Build.0 = Release|Win32
		{C8238388-1F78-445F-8765-62DB654E5FFF}.Debug|x64.ActiveCfg = Debug|x64
		{C8238388-1F78-445F-8765-62DB654E5FFF}.Debug|x64.Build.0 = Debug|x64
		{C8238388-1F78-445F-8765-62DB654E5FFF}.Debug|x86.ActiveCfg = Debug|Win32
		{C8238388-1F78-445F-8765-62DB654E5FFF}.Debug|x86.Build.0 = Debug|Win32
		{C8238388-1F78-445F-8765-62DB654E5FFF}.Release|x64.ActiveCfg = Release|x64
		{C8238388-1F78-445F-8765-62DB654E5FFF}.Release|x64.Build.0 = Release|x64
		{C8238388-1F78-445F-8765-62DB654E5FFF}.Release|x86.ActiveCfg = Release|Win32
		{C8238388-1F78-445F-8765-62DB654E5FFF}.Release|x86.Build.0 = Release|Win32
		{2BF3DF6E-F8D7-473D-A81E-639C1425D0BE}.Debug|x64.ActiveCfg = Debug|x64
		{2BF3DF6E-F8D7-473D-A81E-639C1425D0BE}.Debug|x64.Build.0 = Debug|x64
		{2BF3DF6E-F8D7-473D-A81E-639C1425D0BE}.Debug|x86.ActiveCfg = Debug|Win32
		{2BF3DF6E-F8D7-473D-A81E-639C1425D0BE}.Debug|x86.Build.0 = Debug|Win32
		{2BF3DF6E-F8D7-473D-A81E-639C1425D0BE}.Release|x64.ActiveCfg = Release|x64
		{2BF3DF6E-F8D7-473D-A81E-639C1425D0BE}.Release|x64.Build.0 = Release|x64
		{2BF3DF6E-F8D7-473D-A81E-639C1425D0BE}.Release|x86.ActiveCfg = Release|Win32
		{2BF3DF6E-F8D7-473D-A81E-639C1425D0BE}.Release|x86.Build.0 = Release|Win32
		{C73E57E2-CB5E-47CF-8D0E-D44193A034A5}.Debug|x64.ActiveCfg = Debug|x64
		{C73E57E2-CB5E-47CF-8D0E-D44193A034A5}.Debug|x64.Build.0 = Debug|x64
		{C73E57E2-CB5E-47CF-8D0E-D44193A034A5}.Debug|x86.ActiveCfg = Debug|Win32
		{C73E57E2-CB5E-47CF-8D0E-D44193A034A5}.Debug|x86.Build.0 = Debug|Win32
		{C73E57E2-CB5E-47CF-8D0E-D44193A034A5}.Release|x64.ActiveCfg = Release|x64
		{C73E57E2-CB5E-47CF-8D0E-D44193A034A5}.Release|x64.Build.0 = Release|x64
		{C73E57E2-CB5E-47CF-8D0E-D44193A034A5}.Release|x86.ActiveCfg = Release|Win32
		{C73E57E2-CB5E-47CF-8D0E-D44193A034A5}.Release|x86.Build.0 = Release|Win32
		{E9FEFB75-A15D-487D-AF8F-D4C2C9304992}.Debug|x64.ActiveCfg = Debug|x64
		{E9FEFB75-A15D-487D-AF8F-D4C2C9304992}.Debug|x64.Build.0 = Debug|x64
		{E9FEFB75-A15D-487D-AF8F-D4C2C9304992}.Debug|x86.ActiveCfg = Debug|Win32
		{E9FEFB75-A15D-487D-AF8F-D4C2C9304992}.Debug|x86.Build.0 = Debug|Win32
		{E9FEFB75-A15D-487D-AF8F-D4C2C9304992}.Release|x64.ActiveCfg = Release|x64
		{E9FEFB75-A15D-487D-AF8F-D4C2C9304992}.Release|x64.Build.0 = Release|x64
		{E9FEFB75-A15D-487D-AF8F-D4C2C9304992}.Release|x86.ActiveCfg = Release|Win32
		{E9FEFB75-A15D-487D-AF8F-D4C2C9304992}.Release|x86.Build.0 = Release|Win32
		{5722EAB7-541C-425F-861C-818209712022}.Debug|x64.ActiveCfg = Debug|x64
		{5722EAB7-541C-425F-861C-818209712022}.Debug|x64.Build.0 = Debug|x64
		{5722EAB7-541C-425F-861C-818209712022}.Debug|x86.ActiveCfg = Debug|Win32
		{5722EAB7-541C-425F-861C-818209712022}.Debug|x86.Build.0 = Debug|Win32
		{5722EAB7-541C-425F-861C-818209712022}.Release|x64.ActiveCfg = Release|x64
		{5722EAB7-541C-425F-861C-818209712022}.Release|x64.Build.0 = Release|x64
		{5722EAB7-541C-425F-861C-818209712022}.Release|x86.ActiveCfg = Release|Win32
		{5722EAB7-541C-425F-861C-818209712022}.Release|x86.Build.0 = Release|Win32
		{77890B8F-BDF8-4558-83A6-8161285CE6EE}.Debug|x64.ActiveCfg = Debug|x64
		{77890B8F-BDF8-4558-83A6-8161285CE6EE}.Debug|x64.Build.0 = Debug|x64
		{77890B8F-BDF8-4558-83A6-8161285CE6EE}.Debug|x86.ActiveCfg = Debug|Win32
		{77890B8F-BDF8-4558-83A6-8161285CE6EE}.Debug|x86.Build.0 = Debug|Win32
		{77890B8F-BDF8-4558-83A6-8161285CE6EE}.Release|x64.ActiveCfg = Release|x64
		{77890B8F-BDF8-4558-83A6-8161285CE6EE}.Release|x64.Build.0 = Release|x64
		{77890B8F-BDF8-4558-83A6-8161285CE6EE}.Release|x86.ActiveCfg = Release|Win32
		{77890B8F-BDF8-4558-83A6-8161285CE6EE}.Release|x86.Build.0 = Release|Win32
		{8E3F6CE6-C9D2-4ECB-A93F-908C89B6520E}.Debug|x64.ActiveCfg = Debug|x64
		{8E3F6CE6-C9D2-4ECB-A93F-908C89B6520E}.Debug|x64.Build.0 = Debug|x64
		{8E3F6CE6-C9D2-4ECB-A93F-908C89B6520E}.Debug|x86.ActiveCfg = Debug|Win32
		{8E3F6CE6-C9D2-4ECB-A93F-908C89B6520E}.Debug|x86.Build.0 = Debug|Win32
		{8E3F6CE6-C9D2-4ECB-A93F-908C89B6520E}.Release|x64.ActiveCfg = Release|x64
		{8E3F6CE6-C9D2-4ECB-A93F-908C89B6520E}.Release|x64.Build.0 = Release|x64
		{8E3F6CE6-C9D2-4ECB-A93F-908C89B6520E}.Release|x86.ActiveCfg = Release|Win32
		{8E3F6CE6-C9D2-4ECB-A93F-908C89B6520E}.Release|x86.Build.0 = Release|Win32
		{EDD8EC5C-92E7-4D46-A6DD-BA426621C103}.Debug|x64.ActiveCfg = Debug|x64
		{EDD8EC5C-92E7-4D46-A6DD-BA426621C103}.Debug|x64.Build.0 = Debug|x64
		{EDD8EC5C-92E7-4D46-A6DD-BA426621C103}.Debug|x86.ActiveCfg = Debug|Win32
		{EDD8EC5C-92E7-4D46-A6DD-BA426621C103}.Debug|x86.Build.0 = Debug|Win32
		{EDD8EC5C-92E7-4D46-A6DD-BA426621C103}.Release|x64.ActiveCfg = Release|x64
		{EDD8EC5C-92E7-4D46-A6DD-BA426621C103}.Release|x64.Build.0 = Release|x64
		{EDD8EC5C-92E7-4D46-A6DD-BA426621C103}.Release|x86.ActiveCfg = Release|Win32
		{EDD8EC5C-92E7-4D46-A6DD-BA426621C103}.Release|x86.Build.0 = Release|Win32
		{2DEB6EE2-4E9A-400F-953C-53E2C6880676}.Debug|x64.ActiveCfg = Debug|x64
		{2DEB6EE2-4E9A-400F-953C-53E2C6880676}.Debug|x64.Build.0 = Debug|x64
		{2DEB6EE2-4E9A-400F-953C-53E2C6880676}.Debug|x86.ActiveCfg = Debug|Win32
		{2DEB6EE2-4E9A-400F-953C-53E2C6880676}.Debug|x86.Build.0 = Debug|Win32
		{2DEB6EE2-4E9A-400F-953C-53E2C6880676}.Release|x64.ActiveCfg = Release|x64
		{2DEB6EE2-4E9A-400F-953C-53E2C6880676}.Release|x64.Build.0 = Release|x64
		{2DEB6EE2-4E9A-400F-953C-53E2C6880676}.Release|x86.ActiveCfg = Release|Win32
		{2DEB6EE2-4E9A-400F-953C-53E2C6880676}.Release|x86.Build.0 = Release|Win32
		{CE3F0981-203B-4C31-BE46-771B2277C991}.Debug|x64.ActiveCfg = Debug|x64
		{CE3F0981-203B-4C31-BE46-771B2277C991}.Debug|x64.Build.0 = Debug|x64
		{CE3F0981-203B-4C31-BE46-771B2277C991}.Debug|x86.ActiveCfg = Debug|Win32
		{CE3F0981-203B-4C31-BE46-771B2277C991}.Debug|x86.Build.0 = Debug|Win32
		{CE3F0981-203B-4C31-BE46-771B2277C991}.Release|x64.ActiveCfg = Release|x64
		{CE3F0981-203B-4C31-BE46-771B2277C991}.Release|x64.Build.0 = Release|x64
		{CE3F0981-203B-4C31-BE46-771B2277C991}.Release|x86.ActiveCfg = Release|Win32
		{CE3F0981-203B-4C31-BE46-771B2277C991}.Release|x86.Build.0 = Release|Win32
		{D0D2BF7E-B19F-44A3-8114-EE706E6BC33E}.Debug|x64.ActiveCfg = Debug|x64
		{D0D2BF7E-B19F-44A3-8114-EE706E6BC33E}.Debug|x64.Build.0 = Debug|x64
		{D0D2BF7E-B19F-44A3-8114-EE706E6BC33E}.Debug|x86.ActiveCfg = Debug|Win32
		{D0D2BF7E-B19F-44A3-8114-EE706E6BC33E}.Debug|x86.Build.0 = Debug|Win32
		{D0D2BF7E-B19F-44A3-8114-EE706E6BC33E}.Release|x64.ActiveCfg = Release|x64
		{D0D2BF7E-B19F-44A3-8114-EE706E6BC33E}.Release|x64.Build.0 = Release|x64
		{D0D2BF7E-B19F-44A3-8114-EE706E6BC33E}.Release|x86.ActiveCfg = Release|Win32
		{D0D2BF7E-B19F-44A3-8114-EE706E6BC33E}.Release|x86.Build.0 = Release|Win32
		{B0340CF0-0B6F-491A-A414-DDF604F15AEE}.Debug|x64.ActiveCfg = Debug|x64
		{B0340CF0-0B6F-491A-A414-DDF604F15AEE}.Debug|x64.Build.0 = Debug|x64
		{B0340CF0-0B6F-491A-A414-DDF604F15AEE}.Debug|x86.ActiveCfg = Debug|Win32
		{B0340CF0-0B6F-491A-A414-DDF604F15AEE}.Debug|x86.Build.0 = Debug|Win32
		{B0340CF0-0B6F-491A-A414-DDF604F15AEE}.Release|x64.ActiveCfg = Release|x64
		{B0340CF0-0B6F-491A-A414-DDF604F15AEE}.Release|x64.Build.0 = Release|x64
		{B0340CF0-0B6F-491A-A414-DDF604F15AEE}.Release|x86.ActiveCfg = Release|Win32
		{B0340CF0-0B6F-491A-A414-DDF604F15AEE}.Release|x86.Build.0 = Release|Win32
		{C22CACEF-C104-4DC9-AF16-B98438F9E597}.Debug|x64.ActiveCfg = Debug|x64
		{C22CACEF-C104-4DC9-AF16-B98438F9E597}.Debug|x64.Build.0 = Debug|x64
		{C22CACEF-C104-4DC9-AF16-B98438F9E597}.Debug|x86.ActiveCfg = Debug|Win32
		{C22CACEF-C104-4DC9-AF16-B98438F9E597}.Debug|x86.Build.0 = Debug|Win32
		{C22CACEF-C104-4DC9-AF16-B98438F9E597}.Release|x64.ActiveCfg = Release|x64
		{C22CACEF-C104-4DC9-AF16-B98438F9E597}.Release|x64.Build.0 = Release|x64
		{C22CACEF-C104-4DC9-AF16-B98438F9E597}.Release|x86.ActiveCfg = Release|Win32
		{C22CACEF-C104-4DC9-AF16-B98438F9E597}.Release|x86.Build.0 = Release|Win32
		{93B86B3D-8DCE-4639-8A8D-ADF948C387D0}.Debug|x64.ActiveCfg = Debug|x64
		{93B86B3D-8DCE-4639-8A8D-ADF948C387D0}.Debug|x64.Build.0 = Debug|x64
		{93B86B3D-8DCE-4639-8A8D-ADF948C387D0}.Debug|x86.ActiveCfg = Debug|Win32
		{93B86B3D-8DCE-4639-8A8D-ADF948C387D0}.Debug|x86.Build.0 = Debug|Win32
		{93B86B3D-8DCE-4639-8A8D-ADF948C387D0}.Release|x64.ActiveCfg = Release|x64
		{93B86B3D-8DCE-4639-8A8D-ADF948C387D0}.Release|x64.Build.0 = Release|x64
		{93B86B3D-8DCE-4639-8A8D-ADF948C387D0}.Release|x86.ActiveCfg = Release|Win32
		{93B86B3D-8DCE-4639-8A8D-ADF948C387D0}.Release|x86.Build.0 = Release|Win32
		{E358158B-C96F-4DC9-81CE-0ED7B09E5EA0}.Debug|x64.ActiveCfg = Debug|x64
		{E358158B-C96F-4DC9-81CE-0ED7B09E5EA0}.Debug|x64.Build.0 = Debug|x64
		{E358158B-C96F-4DC9-81CE-0ED7B09E5EA0}.Debug|x86.ActiveCfg = Debug|Win32
		{E358158B-C96F-4DC9-81CE-0ED7B09E5EA0}.Debug|x86.Build.0 = Debug|Win32
		{E358158B-C96F-4DC9-81CE-0ED7B09E5EA0}.Release|x64.ActiveCfg = Release|x64
		{E358158B-C96F-4DC9-81CE-0ED7B09E5EA0}.Release|x64.Build.0 = Release|x64
		{E358158B-C96F-4DC9-81CE-0ED7B09E5EA0}.Release|x86.ActiveCfg = Release|Win32
		{E358158B-C96F-4DC9-81CE-0ED7B09E5EA0}.Release|x86.Build.0 = Release|Win32
		{D2179019-6FCE-4CA1-8C79-45D573B8A4FB}.Debug|x64.ActiveCfg = Debug|x64
		{D2179019-6FCE-4CA1-8C79-45D573B8A4FB}.Debug|x64.Build.0 = Debug|x64
		{D2179019-6FCE-4CA1-8C79-45D573B8A4FB}.Debug|x86.ActiveCfg = Debug|Win32
		{D2179019-6FCE-4CA1-8C79-45D573B8A4FB}.Debug|x86.Build.0 = Debug|Win32
		{D2179019-6FCE-4CA1-8C79-45D573B8A4FB}.Release|x64.ActiveCfg = Release|x64
		{D2179019-6FCE-4CA1-8C79-45D573B8A4FB}.Release|x64.Build.0 = Release|x64
		{D2179019-6FCE-4CA1-8C79-45D573B8A4FB}.Release|x86.ActiveCfg = Release|Win32
		{D2179019-6FCE-4CA1-8C79-45D573B8A4FB}.Release|x86.Build.0 = Release|Win32
		{6CCB152C-F199-42D6-92F9-76830CA8EFF6}.Debug|x64.ActiveCfg = Debug|x64
		{6CCB152C-F199-42D6-92F9-76830CA8EFF6}.Debug|x64.Build.0 = Debug|x64
		{6CCB152C-F199-42D6-92F9-76830CA8EFF6}.Debug|x86.ActiveCfg = Debug|Win32
		{6CCB152C-F199-42D6-92F9-76830CA8EFF6}.Debug|x86.Build.0 = Debug|Win32
		{6CCB152C-F199-42D6-92F9-76830CA8EFF6}.Release|x64.ActiveCfg = Release|x64
		{6CCB152C-F199-42D6-92F9-76830CA8EFF6}.Release|x64.Build.0 = Release|x64
		{6CCB152C-F199-42D6-92F9-76830CA8EFF6}.Release|x86.ActiveCfg = Release|Win32
		{6CCB152C-F199-42D6-92F9-76830CA8EFF6}.Release|x86.Build.0 = Release|Win32
		{E8E2CF45-00D2-4E5E-8374-98E71AA87F59}.Debug|x64.ActiveCfg = Debug|x64
		{E8E2CF45-00D2-4E5E-8374-98E71AA87F59}.Debug|x64.Build.0 = Debug|x64
		{E8E2CF45-00D2-4E5E-8374-98E71AA87F59}.Debug|x86.ActiveCfg = Debug|Win32
		{E8E2CF45-00D2-4E5E-8374-98E71AA87F59}.Debug|x86.Build.0 = Debug|Win32
		{E8E2CF45-00D2-4E5E-8374-98E71AA87F59}.Release|x64.ActiveCfg = Release|x64
		{E8E2CF45-00D2-4E5E-8374-98E71AA87F59}.Release|x64.Build.0 = Release|x64
		{E8E2CF45-00D2-4E5E-8374-98E71AA87F59}.Release|x86.ActiveCfg = Release|Win32
		{E8E2CF45-00D2-4E5E-8374-98E71AA87F59}.Release|x86.Build.0 = Release|Win32
		{0D3ABC2C-1117-4E6D-9790-13E1BEAACB98}.Debug|x64.ActiveCfg = Debug|x64
		{0D3ABC2C-1117-4E6D-9790-13E1BEAACB98}.Debug|x64.Build.0 = Debug|x64
		{0D3ABC2C-1117-4E6D-9790-13E1BEAACB98}.Debug|x86.ActiveCfg = Debug|Win32
		{0D3ABC2C-1117-4E6D-9790-13E1BEAACB98}.Debug|x86.Build.0 = Debug|Win32
		{0D3ABC2C-1117-4E6D-9790-13E1BEAACB98}.Release|x64.ActiveCfg = Release|x64
		{0D3ABC2C-1117-4E6D-9790-13E1BEAACB98}.Release|x64.Build.0 = Release|x64
		{0D3ABC2C-1117-4E6D-9790-13E1BEAACB98}.Release|x86.ActiveCfg = Release|Win32
		{0D3ABC2C-1117-4E6D-9790-13E1BEAACB98}.Release|x86.Build.0 = Release|Win32
		{CB956198-AA08-458C-A626-959BF2D9A7E3}.Debug|x64.ActiveCfg = Debug|x64
		{CB956198-AA08-458C-A626-959BF2D9A7E3}.Debug|x64.Build.0 = Debug|x64
		{CB956198-AA08-458C-A626-959BF2D9A7E3}.Debug|x86.ActiveCfg = Debug|Win32
		{CB956198-AA08-458C-A626-959BF2D9A7E3}.Debug|x86.Build.0 = Debug|Win32
		{CB956198-AA08-458C-A626-959BF2D9A7E3}.Release|x64.ActiveCfg = Release|x64
		{CB956198-AA08-458C-A626-959BF2D9A7E3}.Release|x64.Build.0 = Release|x64
		{CB956198-AA08-458C-A626-959BF2D9A7E3}.Release|x86.ActiveCfg = Release|Win32
		{CB956198-AA08-458C-A626-959BF2D9A7E3}.Release|x86.Build.0 = Release|Win32
		{040F9648-2907-4F11-8972-B2DE788ED6D7}.Debug|x64.ActiveCfg = Debug|x64
		{040F9648-2907-4F11-8972-B2DE788ED6D7}.Debug|x64.Build.0 = Debug|x64
		{040F9648-2907-4F11-8972-B2DE788ED6D7}.Debug|x86.ActiveCfg = Debug|Win32
		{040F9648-2907-4F11-8972-B2DE788ED6D7}.Debug|x86.Build.0 = Debug|Win32
		{040F9648-2907-4F11-8972-B2DE788ED6D7}.Release|x64.ActiveCfg = Release|x64
		{040F9648-2907-4F11-8972-B2DE788ED6D7}.Release|x64.Build.0 = Release|x64
		{040F9648-2907-4F11-8972-B2DE788ED6D7}.Release|x86.ActiveCfg = Release|Win32
		{040F9648-2907-4F11-8972-B2DE788ED6D7}.Release|x86.Build.0 = Release|Win32
		{484E0EDF-BCF1-494D-BA0C-E1CE95EC5414}.Debug|x64.ActiveCfg = Debug|x64
		{484E0EDF-BCF1-494D-BA0C-E1CE95EC5414}.Debug|x64.Build.0 = Debug|x64
		{484E0EDF-BCF1-494D-BA0C-E1CE95EC5414}.Debug|x86.ActiveCfg = Debug|Win32
		{484E0EDF-BCF1-494D-BA0C-E1CE95EC5414}.Debug|x86.Build.0 = Debug|Win32
		{484E0EDF-BCF1-494D-BA0C-E1CE95EC5414}.Release|x64.ActiveCfg = Release|x64
		{484E0EDF-BCF1-494D-BA0C-E1CE95EC5414}.Release|x64.Build.0 = Release|x64
		{484E0EDF-BCF1-494D-BA0C-E1CE95EC5414}.Release|x86.ActiveCfg = Release|Win32
		{484E0EDF-BCF1-494D-BA0C-E1CE95EC5414}.Release|x86.Build.0 = Release|Win32
		{C085A3EE-15B0-46E3-A0C8-FDD4F7C3364F}.Debug|x64.ActiveCfg = Debug|x64
		{C085A3EE-15B0-46E3-A0C8-FDD4F7C3364F}.Debug|x64.Build.0 = Debug|x64
		{C085A3EE-15B0-46E3-A0C8-FDD4F7C3364F}.Debug|x86.ActiveCfg = Debug|Win32
		{C085A3EE-15B0-46E3-A0C8-FDD4F7C3364F}.Debug|x86.Build.0 = Debug|Win32
		{C085A3EE-15B0-46E3-A0C8-FDD4F7C3364F}.Release|x64.ActiveCfg = Release|x64
		{C085A3EE-15B0-46E3-A0C8-FDD4F7C3364F}.Release|x64.Build.0 = Release|x64
		{C085A3EE-15B0-46E3-A0C8-FDD4F7C3364F}.Release|x86.ActiveCfg = Release|Win32
		{C085A3EE-15B0-46E3-A0C8-FDD4F7C3364F}.Release|x86.Build.0 = Release|Win32
		{B428C872-50B3-4AF0-AD63-741F275AE50E}.Debug|x64.ActiveCfg = Debug|x64
		{B428C872-50B3-4AF0-AD63-741F275AE50E}.Debug|x64.Build.0 = Debug|x64
		{B428C872-50B3-4AF0-AD63-741F275AE50E}.Debug|x86.ActiveCfg = Debug|Win32
		{B428C872-50B3-4AF0-AD63-741F275AE50E}.Debug|x86.Build.0 = Debug|Win32
		{B428C872-50B3-4AF0-AD63-741F275AE50E}.Release|x64.ActiveCfg = Release|x64
		{B428C872-50B3-4AF0-AD63-741F275AE50E}.Release|x64.Build.0 = Release|x64
		{B428C872-50B3-4AF0-AD63-741F275AE50E}.Release|x86.ActiveCfg = Release|Win32
		{B428C872-50B3-4AF0-AD63-741F275AE50E}.Release|x86.Build.0 = Release|Win32
		{FFD13B27-9C68-4A29-9132-85BB9E3FC3A9}.Debug|x64.ActiveCfg = Debug|x64
		{FFD13B27-9C68-4A29-9132-85BB9E3FC3A9}.Debug|x64.Build.0 = Debug|x64
		{FFD13B27-9C68-4A29-9132-85BB9E3FC3A9}.Debug|x86.ActiveCfg = Debug|Win32
		{FFD13B27-9C68-4A29-9132-85BB9E3FC3A9}.Debug|x86.Build.0 = Debug|Win32
		{FFD13B27-9C68-4A29-9132-85BB9E3FC3A9}.Release|x64.ActiveCfg = Release|x64
		{FFD13B27-9C68-4A29-9132-85BB9E3FC3A9}.Release|x64.Build.0 = Release|x64
		{FFD13B27-9C68-4A29-9132-85BB9E3FC3A9}.Release|x86.ActiveCfg = Release|Win32
		{FFD13B27-9C68-4A29-9132-85BB9E3FC3A9}.Release|x86.Build.0 = Release|Win32
		{50942B93-192F-44DB-B2A3-6F23FDA58CED}.Debug|x64.ActiveCfg = Debug|x64
		{50942B93-192F-44DB-B2A3-6F23FDA58CED}.Debug|x64.Build.0 = Debug|x64
		{50942B93-192F-44DB-B2A3-6F23FDA58CED}.Debug|x86.ActiveCfg = Debug|Win32
		{50942B93-192F-44DB-B2A3-6F23FDA58CED}.Debug|x86.Build.0 = Debug|Win32
		{50942B93-192F-44DB-B2A3-6F23FDA58CED}.Release|x64.ActiveCfg = Release|x64
		{50942B93-192F-44DB-B2A3-6F23FDA58CED}.Release|x64.Build.0 = Release|x64
		{50942B93-192F-44DB-B2A3-6F23FDA58CED}.Release|x86.ActiveCfg = Release|Win32
		{50942B93-192F-44DB-B2A3-6F23FDA58CED}.Release|x86.Build.0 = Release|Win32
		{A4CF4AA5-8140-4829-BB2B-94494FE1557B}.Debug|x64.ActiveCfg = Debug|x64
		{A4CF4AA5-8140-4829-BB2B-94494FE1557B}.Debug|x64.Build.0 = Debug|x64
		{A4CF4AA5-8140-4829-BB2B-94494FE1557B}.Debug|x86.ActiveCfg = Debug|Win32
		{A4CF4AA5-8140-4829-BB2B-94494FE1557B}.Debug|x86.Build.0 = Debug|Win32
		{A4CF4AA5-8140-4829-BB2B-94494FE1557B}.Release|x64.ActiveCfg = Release|x64
		{A4CF4AA5-8140-4829-BB2B-94494FE1557B}.Release|x64.Build.0 = Release|x64
		{A4CF4AA5-8140-4829-BB2B-94494FE1557B}.Release|x86.ActiveCfg = Release|Win32
		{A4CF4AA5-8140-4829-BB2B-94494FE1557B}.Release|x86.Build.0 = Release|Win32
		{B16818F4-EE16-463C-812D-70681468D6CE}.Debug|x64.ActiveCfg = Debug|x64
		{B16818F4-EE16-463C-812D-70681468D6CE}.Debug|x64.Build.0 = Debug|x64
		{B16818F4-EE16-463C-812D-70681468D6CE}.Debug|x86.ActiveCfg = Debug|Win32
		{B16818F4-EE16-463C-812D-70681468D6CE}.Debug|x86.Build.0 = Debug|Win32
		{B16818F4-EE16-463C-812D-70681468D6CE}.Release|x64.ActiveCfg = Release|x64
		{B16818F4-EE16-463C-812D-70681468D6CE}.Release|x64.Build.0 = Release|x64
		{B16818F4-EE16-463C-812D-70681468D6CE}.Release|x86.ActiveCfg = Release|Win32
		{B16818F4-EE16-463C-812D-70681468D6CE}.Release|x86.Build.0 = Release|Win32
		{2AFA12A2-994F-4CDB-BD28-F069B06781FB}.Debug|x64.ActiveCfg = Debug|x64
		{2AFA12A2-994F-4CDB-BD28-F069B06781FB}.Debug|x64.Build.0 = Debug|x64
		{2AFA12A2-994F-4CDB-BD28-F069B06781FB}.Debug|x86.ActiveCfg = Debug|Win32
		{2AFA12A2-994F-4CDB-BD28-F069B06781FB}.Debug|x86.Build.0 = Debug|Win32
		{2AFA12A2-994F-4CDB-BD28-F069B06781FB}.Release|x64.ActiveCfg = Release|x64
		{2AFA12A2-994F-4CDB-BD28-F069B06781FB}.Release|x64.Build.0 = Release|x64
		{2AFA12A2-994F-4CDB-BD28-F069B06781FB}.Release|x86.ActiveCfg = Release|Win32
		{2AFA12A2-994F-4CDB-BD28-F069B06781FB}.Release|x86.Build.0 = Release|Win32
		{D6CD2CA1-45BB-4C05-9701-B432F37470AA}.Debug|x64.ActiveCfg = Debug|x64
		{D6CD2CA1-45BB-4C05-9701-B432F37470AA}.Debug|x64.Build.0 = Debug|x64
		{D6CD2CA1-45BB-4C05-9701-B432F37470AA}.Debug|x86.ActiveCfg = Debug|Win32
		{D6CD2CA1-45BB-4C05-9701-B432F37470AA}.Debug|x86.Build.0 = Debug|Win32
		{D6CD2CA1-45BB-4C05-9701-B432F37470AA}.Release|x64.ActiveCfg = Release|x64
		{D6CD2CA1-45BB-4C05-9701-B432F37470AA}.Release|x64.Build.0 = Release|x64
		{D6CD2CA1-45BB-4C05-9701-B432F37470AA}.Release|x86.ActiveCfg = Release|Win32
		{D6CD2CA1-45BB-4C05-9701-B432F37470AA}.Release|x86.Build.0 = Release|Win32
		{A45E226E-C5A4-4E33-80D5-C69945FD878E}.Debug|x64.ActiveCfg = Debug|x64
		{A45E226E-C5A4-4E33-80D5-C69945FD878E}.Debug|x64.Build.0 = Debug|x64
		{A45E226E-C5A4-4E33-80D5-C69945FD878E}.Debug|x86.ActiveCfg = Debug|Win32
		{A45E226E-C5A4-4E33-80D5-C69945FD878E}.Debug|x86.Build.0 = Debug|Win32
		{A45E226E-C5A4-4E33-80D5-C69945FD878E}.Release|x64.ActiveCfg = Release|x64
		{A45E226E-C5A4-4E33-80D5-C69945FD878E}.Release|x64.Build.0 = Release|x64
		{A45E226E-C5A4-4E33-80D5-C69945FD878E}.Release|x86.ActiveCfg = Release|Win32
		{A45E226E-C5A4-4E33-80D5-C69945FD878E}.Release|x86.Build.0 = Release|Win32
		{054B69EE-A2AD-4C58-8941-B3EA2D1D4076}.Debug|x64.ActiveCfg = Debug|x64
		{054B69EE-A2AD-4C58-8941-B3EA2D1D4076}.Debug|x64.Build.0 = Debug|x64
		{054B69EE-A2AD-4C58-8941-B3EA2D1D4076}.Debug|x86.ActiveCfg = Debug|Win32
		{054B69EE-A2AD-4C58-8941-B3EA2D1D4076}.Debug|x86.Build.0 = Debug|Win32
		{054B69EE-A2AD-4C58-8941-B3EA2D1D4076}.Release|x64.ActiveCfg = Release|x64
		{054B69EE-A2AD-4C58-8941-B3EA2D1D4076}.Release|x64.Build.0 = Release|x64
		{054B69EE-A2AD-4C58-8941-B3EA2D1D4076}.Release|x86.ActiveCfg = Release|Win32
		{054B69EE-A2AD-4C58-8941-B3EA2D1D4076}.Release|x86.Build.0 = Release|Win32
		{DD9824A9-9D69-434C-83AD-36F156A5023D}.Debug|x64.ActiveCfg = Debug|x64
		{DD9824A9-9D69-434C-83AD-36F156A5023D}.Debug|x64.Build.0 = Debug|x64
		{DD9824A9-9D69-434C-83AD-36F156A5023D}.Debug|x86.ActiveCfg = Debug|Win32
		{DD9824A9-9D69-434C-83AD-36F156A5023D}.Debug|x86.Build.0 = Debug|Win32
		{DD9824A9-9D69-434C-83AD-36F156A5023D}.Release|x64.ActiveCfg = Release|x64
		{DD9824A9-9D69-434C-83AD-36F156A5023D}.Release|x64.Build.0 = Release|x64
		{DD9824A9-9D69-434C-83AD-36F156A5023D}.Release|x86.ActiveCfg = Release|Win32
		{DD9824A9-9D69-434C-83AD-36F156A5023D}.Release|x86.Build.0 = Release|Win32
		{A134034F-8BBA-45E2-A19F-FBE84FE9715E}.Debug|x64.ActiveCfg = Debug|x64
		{A134034F-8BBA-45E2-A19F-FBE84FE9715E}.Debug|x64.Build.0 = Debug|x64
		{A134034F-8BBA-45E2-A19F-FBE84FE9715E}.Debug|x86.ActiveCfg = Debug|Win32
		{A134034F-8BBA-45E2-A19F-FBE84FE9715E}.Debug|x86.Build.0 = Debug|Win32
		{A134034F-8BBA-45E2-A19F-FBE84FE9715E}.Release|x64.ActiveCfg = Release|x64
		{A134034F-8BBA-45E2-A19F-FBE84FE9715E}.Release|x64.Build.0 = Release|x64
		{A134034F-8BBA-45E2-A19F-FBE84FE9715E}.Release|x86.ActiveCfg = Release|Win32
		{A134034F-8BBA-45E2-A19F-FBE84FE9715E}.Release|x86.Build.0 = Release|Win32
		{A182AC3E-3FCB-4226-BACA-FB650A658F18}.Debug|x64.ActiveCfg = Debug|x64
		{A182AC3E-3FCB-4226-BACA-FB650A658F18}.Debug|x64.Build.0 = Debug|x64
		{A182AC3E-3FCB-4226-BACA-FB650A658F18}.Debug|x86.ActiveCfg = Debug|Win32
		{A182AC3E-3FCB-4226-BACA-FB650A658F18}.Debug|x86.Build.0 = Debug|Win32
		{A182AC3E-3FCB-4226-BACA-FB650A658F18}.Release|x64.ActiveCfg = Release|x64
		{A182AC3E-3FCB-4226-BACA-FB650A658F18}.Release|x64.Build.0 = Release|x64
		{A182AC3E-3FCB-4226-BACA-FB650A658F18}.Release|x86.ActiveCfg = Release|Win32
		{A182AC3E-3FCB-4226-BACA-FB650A658F18}.Release|x86.Build.0 = Release|Win32
		{689A5E9F-FCFA-49C3-8648-622F9844C64D}.Debug|x64.ActiveCfg = Debug|x64
		{689A5E9F-FCFA-49C3-8648-622F9844C64D}.Debug|x64.Build.0 = Debug|x64
		{689A5E9F-FCFA-49C3-8648-622F9844C64D}.Debug|x86.ActiveCfg = Debug|Win32
		{689A5E9F-FCFA-49C3-8648-622F9844C64D}.Debug|x86.Build.0 = Debug|Win32
		{689A5E9F-FCFA-49C3-8648-622F9844C64D}.Release|x64.ActiveCfg = Release|x64
		{689A5E9F-FCFA-49C3-8648-622F9844C64D}.Release|x64.Build.0 = Release|x64
		{689A5E9F-FCFA-49C3-8648-622F9844C64D}.Release|x86.ActiveCfg = Release|Win32
		{689A5E9F-FCFA-49C3-8648-622F9844C64D}.Release|x86.Build.0 = Release|Win32
		{BC64A678-1718-4F75-93E3-8F07287630DF}.Debug|x64.ActiveCfg = Debug|x64
		{BC64A678-1718-4F75-93E3-8F07287630DF}.Debug|x64.Build.0 = Debug|x64
		{BC64A678-1718-4F75-93E3-8F07287630DF}.Debug|x86.ActiveCfg = Debug|Win32
		{BC64A678-1718-4F75-93E3-8F07287630DF}.Debug|x86.Build.0 = Debug|Win32
		{BC64A678-1718-4F75-93E3-8F07287630DF}.Release|x64.ActiveCfg = Release|x64
		{BC64A678-1718-4F75-93E3-8F07287630DF}.Release|x64.Build.0 = Release|x64
		{BC64A678-1718-4F75-93E3-8F07287630DF}.Release|x86.ActiveCfg = Release|Win32
		{BC64A678-1718-4F75-93E3-8F07287630DF}.Release|x86.Build.0 = Release|Win32
		{F2CA71DB-B090-4D6C-BEF9-804914858BAA}.Debug|x64.ActiveCfg = Debug|x64
		{F2CA71DB-B090-4D6C-BEF9-804914858BAA}.Debug|x64.Build.0 = Debug|x64
		{F2CA71DB-B090-4D6C-BEF9-804914858BAA}.Debug|x86.ActiveCfg = Debug|Win32
		{F2CA71DB-B090-4D6C-BEF9-804914858BAA}.Debug|x86.Build.0 = Debug|Win32
		{F2CA71DB-B090-4D6C-BEF9-804914858BAA}.Release|x64.ActiveCfg = Release|x64
		{F2CA71DB-B090-4D6C-BEF9-804914858BAA}.Release|x64.Build.0 = Release|x64
		{F2CA71DB-B090-4D6C-BEF9-804914858BAA}.Release|x86.ActiveCfg = Release|Win32
		{F2CA71DB-B090-4D6C-BEF9-804914858BAA}.Release|x86.Build.0 = Release|Win32
		{9EEE8E26-38F8-4B97-9F21-492CEE0F911A}.Debug|x64.ActiveCfg = Debug|x64
		{9EEE8E26-38F8-4B97-9F21-492CEE0F911A}.Debug|x64.Build.0 = Debug|x64
		{9EEE8E26-38F8-4B97-9F21-492CEE0F911A}.Debug|x86.ActiveCfg = Debug|Win32
		{9EEE8E26-38F8-4B97-9F21-492CEE0F911A}.Debug|x86.Build.0 = Debug|Win32
		{9EEE8E26-38F8-4B97-9F21-492CEE0F911A}.Release|x64.ActiveCfg = Release|x64
		{9EEE8E26-38F8-4B97-9F21-492CEE0F911A}.Release|x64.Build.0 = Release|x64
		{9EEE8E26-38F8-4B97-9F21-492CEE0F911A}.Release|x86.ActiveCfg = Release|Win32
		{9EEE8E26-38F8-4B97-9F21-492CEE0F911A}.Release|x86.Build.0 = Release|Win32
		{5D92204A-B9ED-42D1-B0F4-3DE0B0F2D768}.Debug|x64.ActiveCfg = Debug|x64
		{5D92204A-B9ED-42D1-B0F4-3DE0B0F2D768}.Debug|x64.Build.0 = Debug|x64
		{5D92204A-B9ED-42D1-B0F4-3DE0B0F2D768}.Debug|x86.ActiveCfg = Debug|Win32
		{5D92204A-B9ED-42D1-B0F4-3DE0B0F2D768}.Debug|x86.Build.0 = Debug|Win32
		{5D92204A-B9ED-42D1-B0F4-3DE0B0F2D768}.Release|x64.ActiveCfg = Release|x64
		{5D92204A-B9ED-42D1-B0F4-3DE0B0F2D768}.Release|x64.Build.0 = Release|x64
		{5D92204A-B9ED-42D1-B0F4-3DE0B0F2D768}.Release|x86.ActiveCfg = Release|Win32
		{5D92204A-B9ED-42D1-B0F4-3DE0B0F2D768}.Release|x86.Build.0 = Release|Win32
		{D4CC2D54-26DA-464B-9006-7AFF683E8E13}.Debug|x64.ActiveCfg = Debug|x64
		{D4CC2D54-26DA-464B-9006-7AFF683E8E13}.Debug|x64.Build.0 = Debug|x64
		{D4CC2D54-26DA-464B-9006-7AFF683E8E13}.Debug|x86.ActiveCfg = Debug|Win32
		{D4CC2D54-26DA-464B-9006-7AFF683E8E13}.Debug|x86.Build.0 = Debug|Win32
		{D4CC2D54-26DA-464B-9006-7AFF683E8E13}.Release|x64.ActiveCfg = Release|x64
		{D4CC2D54-26DA-464B-9006-7AFF683E8E13}.Release|x64.Build.0 = Release|x64
		{D4CC2D54-26DA-464B-9006-7AFF683E8E13}.Release|x86.ActiveCfg = Release|Win32
		{D4CC2D54-26DA-464B-9006-7AFF683E8E13}.Release|x86.Build.0 = Release|Win32
		{25CFFA66-A7EF-4BE1-858E-F86667C38ED0}.Debug|x64.ActiveCfg = Debug|x64
		{25CFFA66-A7EF-4BE1-858E-F86667C38ED0}.Debug|x64.Build.0 = Debug|x64
		{25CFFA66-A7EF-4BE1-858E-F86667C38ED0}.Debug|x86.ActiveCfg = Debug|Win32
		{25CFFA66-A7EF-4BE1-858E-F86667C38ED0}.Debug|x86.Build.0 = Debug|Win32
		{25CFFA66-A7EF-4BE1-858E-F86667C38ED0}.Release|x64.ActiveCfg = Release|x64
		{25CFFA66-A7EF-4BE1-858E-F86667C38ED0}.Release|x64.Build.0 = Release|x64
		{25CFFA66-A7EF-4BE1-858E-F86667C38ED0}.Release|x86.ActiveCfg = Release|Win32
		{25CFFA66-A7EF-4BE1-858E-F86667C38ED0}.Release|x86.Build.0 = Release|Win32
		{BDE68C86-9AFE-4AB1-AF28-57D36285C4E5}.Debug|x64.ActiveCfg = Debug|x64
		{BDE68C86-9AFE-4AB1-AF28-57D36285C4E5}.Debug|x64.Build.0 = Debug|x64
		{BDE68C86-9AFE-4AB1-AF28-57D36285C4E5}.Debug|x86.ActiveCfg = Debug|Win32
		{BDE68C86-9AFE-4AB1-AF28-57D36285C4E5}.Debug|x86.Build.0 = Debug|Win32
		{BDE68C86-9AFE-4AB1-AF28-57D36285C4E5}.Release|x64.ActiveCfg = Release|x64
		{BDE68C86-9AFE-4AB1-AF28-57D36285C4E5}.Release|x64.Build.0 = Release|x64
		{BDE68C86-9AFE-4AB1-AF28-57D36285C4E5}.Release|x86.ActiveCfg = Release|Win32
		{BDE68C86-9AFE-4AB1-AF28-57D36285C4E5}.Release|x86.Build.0 = Release|Win32
		{BD265F7E-CB9B-4514-A88D-2C4FBFEB79C2}.Debug|x64.ActiveCfg = Debug|x64
		{BD265F7E-CB9B-4514-A88D-2C4FBFEB79C2}.Debug|x64.Build.0 = Debug|x64
		{BD265F7E-CB9B-4514-A88D-2C4FBFEB79C2}.Debug|x86.ActiveCfg = Debug|Win32
		{BD265F7E-CB9B-4514-A88D-2C4FBFEB79C2}.Debug|x86.Build.0 = Debug|Win32
		{BD265F7E-CB9B-4514-A88D-2C4FBFEB79C2}.Release|x64.ActiveCfg = Release|x64
		{BD265F7E-CB9B-4514-A88D-2C4FBFEB79C2}.Release|x64.Build.0 = Release|x64
		{BD265F7E-CB9B-4514-A88D-2C4FBFEB79C2}.Release|x86.ActiveCfg = Release|Win32
		{BD265F7E-CB9B-4514-A88D-2C4FBFEB79C2}.Release|x86.Build.0 = Release|Win32
		{8E50F809-16F1-4199-B439-5817CBAF3401}.Debug|x64.ActiveCfg = Debug|x64
		{8E50F809-16F1-4199-B439-5817CBAF3401}.Debug|x64.Build.0 = Debug|x64
		{8E50F809-16F1-4199-B439-5817CBAF3401}.Debug|x86.ActiveCfg = Debug|Win32
		{8E50F809-16F1-4199-B439-5817CBAF3401}.Debug|x86.Build.0 = Debug|Win32
		{8E50F809-16F1-4199-B439-5817CBAF3401}.Release|x64.ActiveCfg = Release|x64
		{8E50F809-16F1-4199-B439-5817CBAF3401}.Release|x64.Build.0 = Release|x64
		{8E50F809-16F1-4199-B439-5817CBAF3401}.Release|x86.ActiveCfg = Release|Win32
		{8E50F809-16F1-4199-B439-5817CBAF3401}.Release|x86.Build.0 = Release|Win32
		{BEEB74FB-3C95-4573-A088-00AF94EA0003}.Debug|x64.ActiveCfg = Debug|x64
		{BEEB74FB-3C95-4573-A088-00AF94EA0003}.Debug|x64.Build.0 = Debug|x64
		{BEEB74FB-3C95-4573-A088-00AF94EA0003}.Debug|x86.ActiveCfg = Debug|Win32
		{BEEB74FB-3C95-4573-A088-00AF94EA0003}.Debug|x86.Build.0 = Debug|Win32
		{BEEB74FB-3C95-4573-A088-00AF94EA0003}.Release|x64.ActiveCfg = Release|x64
		{BEEB74FB-3C95-4573-A088-00AF94EA0003}.Release|x64.Build.0 = Release|x64
		{BEEB74FB-3C95-4573-A088-00AF94EA0003}.Release|x86.ActiveCfg = Release|Win32
		{BEEB74FB-3C95-4573-A088-00AF94EA0003}.Release|x86.Build.0 = Release|Win32
		{2CE673E5-B599-413C-BBE8-55F5EA8782B4}.Debug|x64.ActiveCfg = Debug|x64
		{2CE673E5-B599-413C-BBE8-55F5EA8782B4}.Debug|x64.Build.0 = Debug|x64
		{2CE673E5-B599-413C-BBE8-55F5EA8782B4}.Debug|x86.ActiveCfg = Debug|Win32
		{2CE673E5-B599-413C-BBE8-55F5EA8782B4}.Debug|x86.Build.0 = Debug|Win32
		{2CE673E5-B599-413C-BBE8-55F5EA8782B4}.Release|x64.ActiveCfg = Release|x64
		{2CE673E5-B599-413C-BBE8-55F5EA8782B4}.Release|x64.Build.0 = Release|x64
		{2CE673E5-B599-413C-BBE8-55F5EA8782B4}.Release|x86.ActiveCfg = Release|Win32
		{2CE673E5-B599-413C-BBE8-55F5EA8782B4}.Release|x86.Build.0 = Release|Win32
		{0BCADA5B-475D-4460-9581-A067223EF428}.Debug|x64.ActiveCfg = Debug|x64
		{0BCADA5B-475D-4460-9581-A067223EF428}.Debug|x64.Build.0 = Debug|x64
		{0BCADA5B-475D-4460-9581-A067223EF428}.Debug|x86.ActiveCfg = Debug|Win32
		{0BCADA5B-475D-4460-9581-A067223EF428}.Debug|x86.Build.0 = Debug|Win32
		{0BCADA5B-475D-4460-9581-A067223EF428}.Release|x64.ActiveCfg = Release|x64
		{0BCADA5B-475D-4460-9581-A067223EF428}.Release|x64.Build.0 = Release|x64
		{0BCADA5B-475D-4460-9581-A067223EF428}.Release|x86.ActiveCfg = Release|Win32
		{0BCADA5B-475D-4460-9581-A067223EF428}.Release|x86.Build.0 = Release|Win32
		{EF842D18-BCC8-405E-9846-7ABED90423D3}.Debug|x64.ActiveCfg = Debug|x64
		{EF842D18-BCC8-405E-9846-7ABED90423D3}.Debug|x64.Build.0 = Debug|x64
		{EF842D18-BCC8-405E-9846-7ABED90423D3}.Debug|x86.ActiveCfg = Debug|Win32
		{EF842D18-BCC8-405E-9846-7ABED90423D3}.Debug|x86.Build.0 = Debug|Win32
		{EF842D18-BCC8-405E-9846-7ABED90423D3}.Release|x64.ActiveCfg = Release|x64
		{EF842D18-BCC8-405E-9846-7ABED90423D3}.Release|x64.Build.0 = Release|x64
		{EF842D18-BCC8-405E-9846-7ABED90423D3}.Release|x86.ActiveCfg = Release|Win32
		{EF842D18-BCC8-405E-9846-7ABED90423D3}.Release|x86.Build.0 = Release|Win32
		{220A9189-53D8-4335-AAD6-9CE8584C94FD}.Debug|x64.ActiveCfg = Debug|x64
		{220A9189-53D8-4335-AAD6-9CE8584C94FD}.Debug|x64.Build.0 = Debug|x64
		{220A9189-53D8-4335-AAD6-9CE8584C94FD}.Debug|x86.ActiveCfg = Debug|Win32
		{220A9189-53D8-4335-AAD6-9CE8584C94FD}.Debug|x86.Build.0 = Debug|Win32
		{220A9189-53D8-4335-AAD6-9CE8584C94FD}.Release|x64.ActiveCfg = Release|x64
		{220A9189-53D8-4335-AAD6-9CE8584C94FD}.Release|x64.Build.0 = Release|x64
		{220A9189-53D8-4335-AAD6-9CE8584C94FD}.Release|x86.ActiveCfg = Release|Win32
		{220A9189-53D8-4335-AAD6-9CE8584C94FD}.Release|x86.Build.0 = Release|Win32
		{8978A4E3-2B0A-4F80-95FA-360BC2218AA6}.Debug|x64.ActiveCfg = Debug|x64
		{8978A4E3-2B0A-4F80-95FA-360BC2218AA6}.Debug|x64.Build.0 = Debug|x64
		{8978A4E3-2B0A-4F80-95FA-360BC2218AA6}.Debug|x86.ActiveCfg = Debug|Win32
		{8978A4E3-2B0A-4F80-95FA-360BC2218AA6}.Debug|x86.Build.0 = Debug|Win32
		{8978A4E3-2B0A-4F80-95FA-360BC2218AA6}.Release|x64.ActiveCfg = Release|x64
		{8978A4E3-2B0A-4F80-95FA-360BC2218AA6}.Release|x64.Build.0 = Release|x64
		{8978A4E3-2B0A-4F80-95FA-360BC2218AA6}.Release|x86.ActiveCfg = Release|Win32
		{8978A4E3-2B0A-4F80-95FA-360BC2218AA6}.Release|x86.Build.0 = Release|Win32
		{1B60187D-9EE5-4BA0-849D-5A64420FEE32}.Debug|x64.ActiveCfg = Debug|x64
		{1B60187D-9EE5-4BA0-849D-5A64420FEE32}.Debug|x64.Build.0 = Debug|x64
		{1B60187D-9EE5-4BA0-849D-5A64420FEE32}.Debug|x86.ActiveCfg = Debug|Win32
		{1B60187D-9EE5-4BA0-849D-5A64420FEE32}.Debug|x86.Build.0 = Debug|Win32
		{1B60187D-9EE5-4BA0-849D-5A64420FEE32}.Release|x64.ActiveCfg = Release|x64
		{1B60187D-9EE5-4BA0-849D-5A64420FEE32}.Release|x64.Build.0 = Release|x64
		{1B60187D-9EE5-4BA0-849D-5A64420FEE32}.Release|x86.ActiveCfg = Release|Win32
		{1B60187D-9EE5-4BA0-849D-5A64420FEE32}.Release|x86.Build.0 = Release|Win32
		{7394433D-8182-459D-9362-60BCA31EA236}.Debug|x64.ActiveCfg = Debug|x64
		{7394433D-8182-459D-9362-60BCA31EA236}.Debug|x64.Build.0 = Debug|x64
		{7394433D-8182-459D-9362-60BCA31EA236}.Debug|x86.ActiveCfg = Debug|Win32
		{7394433D-8182-459D-9362-60BCA31EA236}.Debug|x86.Build.0 = Debug|Win32
		{7394433D-8182-459D-9362-60BCA31EA236}.Release|x64.ActiveCfg = Release|x64
		{7394433D-8182-459D-9362-60BCA31EA236}.Release|x64.Build.0 = Release|x64
		{7394433D-8182-459D-9362-60BCA31EA236}.Release|x86.ActiveCfg = Release|Win32
		{7394433D-8182-459D-9362-60BCA31EA236}.Release|x86.Build.0 = Release|Win32
		{FC4979F1-7ADD-4618-B09B-4F9D55F3DD7B}.Debug|x64.ActiveCfg = Debug|x64
		{FC4979F1-7ADD-4618-B09B-4F9D55F3DD7B}.Debug|x64.Build.0 = Debug|x64
		{FC4979F1-7ADD-4618-B09B-4F9D55F3DD7B}.Debug|x86.ActiveCfg = Debug|Win32
		{FC4979F1-7ADD-4618-B09B-4F9D55F3DD7B}.Debug|x86.Build.0 = Debug|Win32
		{FC4979F1-7ADD-4618-B09B-4F9D55F3DD7B}.Release|x64.ActiveCfg = Release|x64
		{FC4979F1-7ADD-4618-B09B-4F9D55F3DD7B}.Release|x64.Build.0 = Release|x64
		{FC4979F1-7ADD-4618-B09B-4F9D55F3DD7B}.Release|x86.ActiveCfg = Release|Win32
		{FC4979F1-7ADD-4618-B09B-4F9D55F3DD7B}.Release|x86.Build.0 = Release|Win32
		{E83A829A-19E4-4A14-BC83-C1BD4BA0A8EA}.Debug|x64.ActiveCfg = Debug|x64
		{E83A829A-19E4-4A14-BC83-C1BD4BA0A8EA}.Debug|x64.Build.0 = Debug|x64
		{E83A829A-19E4-4A14-BC83-C1BD4BA0A8EA}.Debug|x86.ActiveCfg = Debug|Win32
		{E83A829A-19E4-4A14-BC83-C1BD4BA0A8EA}.Debug|x86.Build.0 = Debug|Win32
		{E83A829A-19E4-4A14-BC83-C1BD4BA0A8EA}.Release|x64.ActiveCfg = Release|x64
		{E83A829A-19E4-4A14-BC83-C1BD4BA0A8EA}.Release|x64.Build.0 = Release|x64
		{E83A829A-19E4-4A14-BC83-C1BD4BA0A8EA}.Release|x86.ActiveCfg = Release|Win32
		{E83A829A-19E4-4A14-BC83-C1BD4BA0A8EA}.Release|x86.Build.0 = Release|Win32
		{3BFE6DD3-3E61-4FBE-A22F-A829A980EEC4}.Debug|x64.ActiveCfg = Debug|x64
		{3BFE6DD3-3E61-4FBE-A22F-A829A980EEC4}.Debug|x64.Build.0 = Debug|x64
		{3BFE6DD3-3E61-4FBE-A22F-A829A980EEC4}.Debug|x86.ActiveCfg = Debug|Win32
		{3BFE6DD3-3E61-4FBE-A22F-A829A980EEC4}.Debug|x86.Build.0 = Debug|Win32
		{3BFE6DD3-3E61-4FBE-A22F-A829A980EEC4}.Release|x64.ActiveCfg = Release|x64
		{3BFE6DD3-3E61-4FBE-A22F-A829A980EEC4}.Release|x64.Build.0 = Release|x64
		{3BFE6DD3-3E61-4FBE-A22F-A829A980EEC4}.Release|x86.ActiveCfg = Release|Win32
		{3BFE6DD3-3E61-4FBE-A22F-A829A980EEC4}.Release|x86.Build.0 = Release|Win32
		{4FAA5E06-C46A-4B73-8C1F-BEC2C7D2DCB7}.Debug|x64.ActiveCfg = Debug|x64
		{4FAA5E06-C46A-4B73-8C1F-BEC2C7D2DCB7}.Debug|x64.Build.0 = Debug|x64
		{4FAA5E06-C46A-4B73-8C1F-BEC2C7D2DCB7}.Debug|x86.ActiveCfg = Debug|Win32
		{4FAA5E06-C46A-4B73-8C1F-BEC2C7D2DCB7}.Debug|x86.Build.0 = Debug|Win32
		{4FAA5E06-C46A-4B73-8C1F-BEC2C7D2DCB7}.Release|x64.ActiveCfg = Release|x64
		{4FAA5E06-C46A-4B73-8C1F-BEC2C7D2DCB7}.Release|x64.Build.0 = Release|x64
		{4FAA5E06-C46A-4B73-8C1F-BEC2C7D2DCB7}.Release|x86.ActiveCfg = Release|Win32
		{4FAA5E06-C46A-4B73-8C1F-BEC2C7D2DCB7}.Release|x86.Build.0 = Release|Win32
		{857A6542-B385-4E55-9961-97C445DFB9E3}.Debug|x64.ActiveCfg = Debug|x64
		{857A6542-B385-4E55-9961-97C445DFB9E3}.Debug|x64.Build.0 = Debug|x64
		{857A6542-B385-4E55-9961-97C445DFB9E3}.Debug|x86.ActiveCfg = Debug|Win32
		{857A6542-B385-4E55-9961-97C445DFB9E3}.Debug|x86.Build.0 = Debug|Win32
		{857A6542-B385-4E55-9961-97C445DFB9E3}.Release|x64.ActiveCfg = Release|x64
		{857A6542-B385-4E55-9961-97C445DFB9E3}.Release|x64.Build.0 = Release|x64
		{857A6542-B385-4E55-9961-97C445DFB9E3}.Release|x86.ActiveCfg = Release|Win32
		{857A6542-B385-4E55-9961-97C445DFB9E3}.Release|x86.Build.0 = Release|Win32
		{2726F65A-6AE9-469E-AEF6-D9B319CFA398}.Debug|x64.ActiveCfg = Debug|x64
		{2726F65A-6AE9-469E-AEF6-D9B319CFA398}.Debug|x64.Build.0 = Debug|x64
		{2726F65A-6AE9-469E-AEF6-D9B319CFA398}.Debug|x86.ActiveCfg = Debug|Win32
		{2726F65A-6AE9-469E-AEF6-D9B319CFA398}.Debug|x86.Build.0 = Debug|Win32
		{2726F65A-6AE9-469E-AEF6-D9B319CFA398}.Release|x64.ActiveCfg = Release|x64
		{2726F65A-6AE9-469E-AEF6-D9B319CFA398}.Release|x64.Build.0 = Release|x64
		{2726F65A-6AE9-469E-AEF6-D9B319CFA398}.Release|x86.ActiveCfg = Release|Win32
		{2726F65A-6AE9-469E-AEF6-D9B319CFA398}.Release|x86.Build.0 = Release|Win32
		{C3047303-912F-49DA-AE5A-E660733CF6A6}.Debug|x64.ActiveCfg = Debug|x64
		{C3047303-912F-49DA-AE5A-E660733CF6A6}.Debug|x64.Build.0 = Debug|x64
		{C3047303-912F-49DA-AE5A-E660733CF6A6}.Debug|x86.ActiveCfg = Debug|Win32
		{C3047303-912F-49DA-AE5A-E660733CF6A6}.Debug|x86.Build.0 = Debug|Win32
		{C3047303-912F-49DA-AE5A-E660733CF6A6}.Release|x64.ActiveCfg = Release|x64
		{C3047303-912F-49DA-AE5A-E660733CF6A6}.Release|x64.Build.0 = Release|x64
		{C3047303-912F-49DA-AE5A-E660733CF6A6}.Release|x86.ActiveCfg = Release|Win32
		{C3047303-912F-49DA-AE5A-E660733CF6A6}.Release|x86.Build.0 = Release|Win32
		{6DF15B03-A971-42F7-B3DA-57235C54140A}.Debug|x64.ActiveCfg = Debug|x64
		{6DF15B03-A971-42F7-B3DA-57235C54140A}.Debug|x64.Build.0 = Debug|x64
		{6DF15B03-A971-42F7-B3DA-57235C54140A}.Debug|x86.ActiveCfg = Debug|Win32
		{6DF15B03-A971-42F7-B3DA-57235C54140A}.Debug|x86.Build.0 = Debug|Win32
		{6DF15B03-A971-42F7-B3DA-57235C54140A}.Release|x64.ActiveCfg = Release|x64
		{6DF15B03-A971-42F7-B3DA-57235C54140A}.Release|x64.Build.0 = Release|x64
		{6DF15B03-A971-42F7-B3DA-57235C54140A}.Release|x86.ActiveCfg = Release|Win32
		{6DF15B03-A971-42F7-B3DA-57235C54140A}.Release|x86.Build.0 = Release|Win32
		{C3A69DB8-A731-47C3-86F8-C8F9622329A8}.Debug|x64.ActiveCfg = Debug|x64
		{C3A69DB8-A731-47C3-86F8-C8F9622329A8}.Debug|x64.Build.0 = Debug|x64
		{C3A69DB8-A731-47C3-86F8-C8F9622329A8}.Debug|x86.ActiveCfg = Debug|Win32
		{C3A69DB8-A731-47C3-86F8-C8F9622329A8}.Debug|x86.Build.0 = Debug|Win32
		{C3A69DB8-A731-47C3-86F8-C8F9622329A8}.Release|x64.ActiveCfg = Release|x64
		{C3A69DB8-A731-47C3-86F8-C8F9622329A8}.Release|x64.Build.0 = Release|x64
		{C3A69DB8-A731-47C3-86F8-C8F9622329A8}.Release|x86.ActiveCfg = Release|Win32
		{C3A69DB8-A731-47C3-86F8-C8F9622329A8}.Release|x86.Build.0 = Release|Win32
		{5D12047F-F909-416B-AF32-C989C76EC836}.Debug|x64.ActiveCfg = Debug|x64
		{5D12047F-F909-416B-AF32-C989C76EC836}.Debug|x64.Build.0 = Debug|x64
		{5D12047F-F909-416B-AF32-C989C76EC836}.Debug|x86.ActiveCfg = Debug|Win32
		{5D12047F-F909-416B-AF32-C989C76EC836}.Debug|x86.Build.0 = Debug|Win32
		{5D12047F-F909-416B-AF32-C989C76EC836}.Release|x64.ActiveCfg = Release|x64
		{5D12047F-F909-416B-AF32-C989C76EC836}.Release|x64.Build.0 = Release|x64
		{5D12047F-F909-416B-AF32-C989C76EC836}.Release|x86.ActiveCfg = Release|Win32
		{5D12047F-F909-416B-AF32-C989C76EC836}.Release|x86.Build.0 = Release|Win32
		{7DD7CF92-8F4C-4AE6-AFBB-9336B0A2C56E}.Debug|x64.ActiveCfg = Debug|x64
		{7DD7CF92-8F4C-4AE6-AFBB-9336B0A2C56E}.Debug|x64.Build.0 = Debug|x64
		{7DD7CF92-8F4C-4AE6-AFBB-9336B0A2C56E}.Debug|x86.ActiveCfg = Debug|Win32
		{7DD7CF92-8F4C-4AE6-AFBB-9336B0A2C56E}.Debug|x86.Build.0 = Debug|Win32
		{7DD7CF92-8F4C-4AE6-AFBB-9336B0A2C56E}.Release|x64.ActiveCfg = Release|x64
		{7DD7CF92-8F4C-4AE6-AFBB-9336B0A2C56E}.Release|x64.Build.0 = Release|x64
		{7DD7CF92-8F4C-4AE6-AFBB-9336B0A2C56E}.Release|x86.ActiveCfg = Release|Win32
		{7DD7CF92-8F4C-4AE6-AFBB-9336B0A2C56E}.Release|x86.Build.0 = Release|Win32
		{33AF6B25-EAE1-492E-88E9-0AEB0C3CA1DD}.Debug|x64.ActiveCfg = Debug|x64
		{33AF6B25-EAE1-492E-88E9-0AEB0C3CA1DD}.Debug|x64.Build.0 = Debug|x64
		{33AF6B25-EAE1-492E-88E9-0AEB0C3CA1DD}.Debug|x86.ActiveCfg = Debug|Win32
		{33AF6B25-EAE1-492E-88E9-0AEB0C3CA1DD}.Debug|x86.Build.0 = Debug|Win32
		{33AF6B25-EAE1-492E-88E9-0AEB0C3CA1DD}.Release|x64.ActiveCfg = Release|x64
		{33AF6B25-EAE1-492E-88E9-0AEB0C3CA1DD}.Release|x64.Build.0 = Release|x64
		{33AF6B25-EAE1-492E-88E9-0AEB0C3CA1DD}.Release|x86.ActiveCfg = Release|Win32
		{33AF6B25-EAE1-492E-88E9-0AEB0C3CA1DD}.Release|x86.Build.0 = Release|Win32
		{7568A690-32B6-4713-BBD6-397B18DD7EF9}.Debug|x64.ActiveCfg = Debug|x64
		{7568A690-32B6-4713-BBD6-397B18DD7EF9}.Debug|x64.Build.0 = Debug|x64
		{7568A690-32B6-4713-BBD6-397B18DD7EF9}.Debug|x86.ActiveCfg = Debug|Win32
		{7568A690-32B6-4713-BBD6-397B18DD7EF9}.Debug|x86.Build.0 = Debug|Win32
		{7568A690-32B6-4713-BBD6-397B18DD7EF9}.Release|x64.ActiveCfg = Release|x64
		{7568A690-32B6-4713-BBD6-397B18DD7EF9}.Release|x64.Build.0 = Release|x64
		{7568A690-32B6-4713-BBD6-397B18DD7EF9}.Release|x86.ActiveCfg = Release|Win32
		{7568A690-32B6-4713-BBD6-397B18DD7EF9}.Release|x86.Build.0 = Release|Win32
		{4F64F69B-0806-4739-9E77-56708FA2FFBB}.Debug|x64.ActiveCfg = Debug|x64
		{4F64F69B-0806-4739-9E77-56708FA2FFBB}.Debug|x64.Build.0 = Debug|x64
		{4F64F69B-0806-4739-9E77-56708FA2FFBB}.Debug|x86.ActiveCfg = Debug|Win32
		{4F64F69B-0806-4739-9E77-56708FA2FFBB}.Debug|x86.Build.0 = Debug|Win32
		{4F64F69B-0806-4739-9E77-56708FA2FFBB}.Release|x64.ActiveCfg = Release|x64
		{4F64F69B-0806-4739-9E77-56708FA2FFBB}.Release|x64.Build.0 = Release|x64
		{4F64F69B-0806-4739-9E77-56708FA2FFBB}.Release|x86.ActiveCfg = Release|Win32
		{4F64F69B-0806-4739-9E77-56708FA2FFBB}.Release|x86.Build.0 = Release|Win32
		{FB7910D2-23B3-4B01-B2D6-E7D0C65F6632}.Debug|x64.ActiveCfg = Debug|x64
		{FB7910D2-23B3-4B01-B2D6-E7D0C65F6632}.Debug|x64.Build.0 = Debug|x64
		{FB7910D2-23B3-4B01-B2D6-E7D0C65F6632}.Debug|x86.ActiveCfg = Debug|Win32
		{FB7910D2-23B3-4B01-B2D6-E7D0C65F6632}.Debug|x86.Build.0 = Debug|Win32
		{FB7910D2-23B3-4B01-B2D6-E7D0C65F6632}.Release|x64.ActiveCfg = Release|x64
		{FB7910D2-23B3-4B01-B2D6-E7D0C65F6632}.Release|x64.Build.0 = Release|x64
		{FB7910D2-23B3-4B01-B2D6-E7D0C65F6632}.Release|x86.ActiveCfg = Release|Win32
		{FB7910D2-23B3-4B01-B2D6-E7D0C65F6632}.Release|x86.Build.0 = Release|Win32
		{3CA9AFC1-E319-4856-9D65-CBE00C765346}.Debug|x64.ActiveCfg = Debug|x64
		{3CA9AFC1-E319-4856-9D65-CBE00C765346}.Debug|x64.Build.0 = Debug|x64
		{3CA9AFC1-E319-4856-9D65-CBE00C765346}.Debug|x86.ActiveCfg = Debug|Win32
		{3CA9AFC1-E319-4856-9D65-CBE00C765346}.Debug|x86.Build.0 = Debug|Win32
		{3CA9AFC1-E319-4856-9D65-CBE00C765346}.Release|x64.ActiveCfg = Release|x64
		{3CA9AFC1-E319-4856-9D65-CBE00C765346}.Release|x64.Build.0 = Release|x64
		{3CA9AFC1-E319-4856-9D65-CBE00C765346}.Release|x86.ActiveCfg = Release|Win32
		{3CA9AFC1-E319-4856-9D65-CBE00C765346}.Release|x86.Build.0 = Release|Win32
		{D2FA0953-BC50-4B53-857C-D741B18BA6EA}.Debug|x64.ActiveCfg = Debug|x64
		{D2FA0953-BC50-4B53-857C-D741B18BA6EA}.Debug|x64.Build.0 = Debug|x64
		{D2FA0953-BC50-4B53-857C-D741B18BA6EA}.Debug|x86.ActiveCfg = Debug|Win32
		{D2FA0953-BC50-4B53-857C-D741B18BA6EA}.Debug|x86.Build.0 = Debug|Win32
		{D2FA0953-BC50-4B53-857C-D741B18BA6EA}.Release|x64.ActiveCfg = Release|x64
		{D2FA0953-BC50-4B53-857C-D741B18BA6EA}.Release|x64.Build.0 = Release|x64
		{D2FA0953-BC50-4B53-857C-D741B18BA6EA}.Release|x86.ActiveCfg = Release|Win32
		{D2FA0953-BC50-4B53-857C-D741B18BA6EA}.Release|x86.Build.0 = Release|Win32
		{D879A80D-B354-4F76-8119-F20394BB01BC}.Debug|x64.ActiveCfg = Debug|x64
		{D879A80D-B354-4F76-8119-F20394BB01BC}.Debug|x64.Build.0 = Debug|x64
		{D879A80D-B354-4F76-8119-F20394BB01BC}.Debug|x86.ActiveCfg = Debug|Win32
		{D879A80D-B354-4F76-8119-F20394BB01BC}.Debug|x86.Build.0 = Debug|Win32
		{D879A80D-B354-4F76-8119-F20394BB01BC}.Release|x64.ActiveCfg = Release|x64
		{D879A80D-B354-4F76-8119-F20394BB01BC}.Release|x64.Build.0 = Release|x64
		{D879A80D-B354-4F76-8119-F20394BB01BC}.Release|x86.ActiveCfg = Release|Win32
		{D879A80D-B354-4F76-8119-F20394BB01BC}.Release|x86.Build.0 = Release|Win32
		{A5E5AB17-D07B-4C6D-AE66-7B464A37B5B7}.Debug|x64.ActiveCfg = Debug|x64
		{A5E5AB17-D07B-4C6D-AE66-7B464A37B5B7}.Debug|x64.Build.0 = Debug|x64
		{A5E5AB17-D07B-4C6D-AE66-7B464A37B5B7}.Debug|x86.ActiveCfg = Debug|Win32
		{A5E5AB17-D07B-4C6D-AE66-7B464A37B5B7}.Debug|x86.Build.0 = Debug|Win32
		{A5E5AB17-D07B-4C6D-AE66-7B464A37B5B7}.Release|x64.ActiveCfg = Release|x64
		{A5E5AB17-D07B-4C6D-AE66-7B464A37B5B7}.Release|x64.Build.0 = Release|x64
		{A5E5AB17-D07B-4C6D-AE66-7B464A37B5B7}.Release|x86.ActiveCfg = Release|Win32
		{A5E5AB17-D07B-4C6D-AE66-7B464A37B5B7}.Release|x86.Build.0 = Release|Win32
		{5051A127-B280-49E6-8AEC-B2C8FB5D7EC7}.Debug|x64.ActiveCfg = Debug|x64
		{5051A127-B280-49E6-8AEC-B2C8FB5D7EC7}.Debug|x64.Build.0 = Debug|x64
		{5051A127-B280-49E6-8AEC-B2C8FB5D7EC7}.Debug|x86.ActiveCfg = Debug|Win32
		{5051A127-B280-49E6-8AEC-B2C8FB5D7EC7}.Debug|x86.Build.0 = Debug|Win32
		{5051A127-B280-49E6-8AEC-B2C8FB5D7EC7}.Release|x64.ActiveCfg = Release|x64
		{5051A127-B280-49E6-8AEC-B2C8FB5D7EC7}.Release|x64.Build.0 = Release|x64
		{5051A127-B280-49E6-8AEC-B2C8FB5D7EC7}.Release|x86.ActiveCfg = Release|Win32
		{5051A127-B280-49E6-8AEC-B2C8FB5D7EC7}.Release|x86.Build.0 = Release|Win32
		{4CD24F30-9EBC-4FC7-A7FD-A4C59AAAE033}.Debug|x64.ActiveCfg = Debug|x64
		{4CD24F30-9EBC-4FC7-A7FD-A4C59AAAE033}.Debug|x64.Build.0 = Debug|x64
		{4CD24F30-9EBC-4FC7-A7FD-A4C59AAAE033}.Debug|x86.ActiveCfg = Debug|Win32
		{4CD24F30-9EBC-4FC7-A7FD-A4C59AAAE033}.Debug|x86.Build.0 = Debug|Win32
		{4CD24F30-9EBC-4FC7-A7FD-A4C59AAAE033}.Release|x64.ActiveCfg = Release|x64
		{4CD24F30-9EBC-4FC7-A7FD-A4C59AAAE033}.Release|x64.Build.0 = Release|x64
		{4CD24F30-9EBC-4FC7-A7FD-A4C59AAAE033}.Release|x86.ActiveCfg = Release|Win32
		{4CD24F30-9EBC-4FC7-A7FD-A4C59AAAE033}.Release|x86.Build.0 = Release|Win32
		{220730D3-7B2A-4DF4-B5CF-504C8770D018}.Debug|x64.ActiveCfg = Debug|x64
		{220730D3-7B2A-4DF4-B5CF-504C8770D018}.Debug|x64.Build.0 = Debug|x64
		{220730D3-7B2A-4DF4-B5CF-504C8770D018}.Debug|x86.ActiveCfg = Debug|Win32
		{220730D3-7B2A-4DF4-B5CF-504C8770D018}.Debug|x86.Build.0 = Debug|Win32
		{220730D3-7B2A-4DF4-B5CF-504C8770D018}.Release|x64.ActiveCfg = Release|x64
		{220730D3-7B2A-4DF4-B5CF-504C8770D018}.Release|x64.Build.0 = Release|x64
		{220730D3-7B2A-4DF4-B5CF-504C8770D018}.Release|x86.ActiveCfg = Release|Win32
		{220730D3-7B2A-4DF4-B5CF-504C8770D018}.Release|x86.Build.0 = Release|Win32
		{F215086F-553D-457B-93BD-9E1F628A79ED}.Debug|x64.ActiveCfg = Debug|x64
		{F215086F-553D-457B-93BD-9E1F628A79ED}.Debug|x64.Build.0 = Debug|x64
		{F215086F-553D-457B-93BD-9E1F628A79ED}.Debug|x86.ActiveCfg = Debug|Win32
		{F215086F-553D-457B-93BD-9E1F628A79ED}.Debug|x86.Build.0 = Debug|Win32
		{F215086F-553D-457B-93BD-9E1F628A79ED}.Release|x64.ActiveCfg = Release|x64
		{F215086F-553D-457B-93BD-9E1F628A79ED}.Release|x64.Build.0 = Release|x64
		{F215086F-553D-457B-93BD-9E1F628A79ED}.Release|x86.ActiveCfg = Release|Win32
		{F215086F-553D-457B-93BD-9E1F628A79ED}.Release|x86.Build.0 = Release|Win32
		{85DBE843-138A-456B-8E12-9A3301550621}.Debug|x64.ActiveCfg = Debug|x64
		{85DBE843-138A-456B-8E12-9A3301550621}.Debug|x64.Build.0 = Debug|x64
		{85DBE843-138A-456B-8E12-9A3301550621}.Debug|x86.ActiveCfg = Debug|Win32
		{85DBE843-138A-456B-8E12-9A3301550621}.Debug|x86.Build.0 = Debug|Win32
		{85DBE843-138A-456B-8E12-9A3301550621}.Release|x64.ActiveCfg = Release|x64
		{85DBE843-138A-456B-8E12-9A3301550621}.Release|x64.Build.0 = Release|x64
		{85DBE843-138A-456B-8E12-9A3301550621}.Release|x86.ActiveCfg = Release|Win32
		{85DBE843-138A-456B-8E12-9A3301550621}.Release|x86.Build.0 = Release|Win32
		{270F32CB-B9FF-4226-89B0-1FECFEEEBF9F}.Debug|x64.ActiveCfg = Debug|x64
		{270F32CB-B9FF-4226-89B0-1FECFEEEBF9F}.Debug|x64.Build.0 = Debug|x64
		{270F32CB-B9FF-4226-89B0-1FECFEEEBF9F}.Debug|x86.ActiveCfg = Debug|Win32
		{270F32CB-B9FF-4226-89B0-1FECFEEEBF9F}.Debug|x86.Build.0 = Debug|Win32
		{270F32CB-B9FF-4226-89B0-1FECFEEEBF9F}.Release|x64.ActiveCfg = Release|x64
		{270F32CB-B9FF-4226-89B0-1FECFEEEBF9F}.Release|x64.Build.0 = Release|x64
		{270F32CB-B9FF-4226-89B0-1FECFEEEBF9F}.Release|x86.ActiveCfg = Release|Win32
		{270F32CB-B9FF-4226-89B0-1FECFEEEBF9F}.Release|x86.Build.0 = Release|Win32
		{3D60A2F9-1FDD-42A0-A957-CE443FEA4C4A}.Debug|x64.ActiveCfg = Debug|x64
		{3D60A2F9-1FDD-42A0-A957-CE443FEA4C4A}.Debug|x64.Build.0 = Debug|x64
		{3D60A2F9-1FDD-42A0-A957-CE443FEA4C4A}.Debug|x86.ActiveCfg = Debug|Win32
		{3D60A2F9-1FDD-42A0-A957-CE443FEA4C4A}.Debug|x86.Build.0 = Debug|Win32
		{3D60A2F9-1FDD-42A0-A957-CE443FEA4C4A}.Release|x64.ActiveCfg = Release|x64
		{3D60A2F9-1FDD-42A0-A957-CE443FEA4C4A}.Release|x64.Build.0 = Release|x64
		{3D60A2F9-1FDD-42A0-A957-CE443FEA4C4A}.Release|x86.ActiveCfg = Release|Win32
		{3D60A2F9-1FDD-42A0-A957-CE443FEA4C4A}.Release|x86.Build.0 = Release|Win32
		{12E1C3C3-1AC8-46B0-86D4-F11F2E9A6A6C}.Debug|x64.ActiveCfg = Debug|x64
		{12E1C3C3-1AC8-46B0-86D4-F11F2E9A6A6C}.Debug|x64.Build.0 = Debug|x64
		{12E1C3C3-1AC8-46B0-86D4-F11F2E9A6A6C}.Debug|x86.ActiveCfg = Debug|Win32
		{12E1C3C3-1AC8-46B0-86D4-F11F2E9A6A6C}.Debug|x86.Build.0 = Debug|Win32
		{12E1C3C3-1AC8-46B0-86D4-F11F2E9A6A6C}.Release|x64.ActiveCfg = Release|x64
		{12E1C3C3-1AC8-46B0-86D4-F11F2E9A6A6C}.Release|x64.Build.0 = Release|x64
		{12E1C3C3-1AC8-46B0-86D4-F11F2E9A6A6C}.Release|x86.ActiveCfg = Release|Win32
		{12E1C3C3-1AC8-46B0-86D4-F11F2E9A6A6C}.Release|x86.Build.0 = Release|Win32
		{D1EE648F-FD5F-463E-8814-A80D10383E8F}.Debug|x64.ActiveCfg = Debug|x64
		{D1EE648F-FD5F-463E-8814-A80D10383E8F}.Debug|x64.Build.0 = Debug|x64
		{D1EE648F-FD5F-463E-8814-A80D10383E8F}.Debug|x86.ActiveCfg = Debug|Win32
		{D1EE648F-FD5F-463E-8814-A80D10383E8F}.Debug|x86.Build.0 = Debug|Win32
		{D1EE648F-FD5F-463E-8814-A80D10383E8F}.Release|x64.ActiveCfg = Release|x64
		{D1EE648F-FD5F-463E-8814-A80D10383E8F}.Release|x64.Build.0 = Release|x64
		{D1EE648F-FD5F-463E-8814-A80D10383E8F}.Release|x86.ActiveCfg = Release|Win32
		{D1EE648F-FD5F-463E-8814-A80D10383E8F}.Release|x86.Build.0 = Release|Win32
		{76DFF444-E9A8-4D50-8E79-6A1EB1A34C36}.Debug|x64.ActiveCfg = Debug|x64
		{76DFF444-E9A8-4D50-8E79-6A1EB1A34C36}.Debug|x64.Build.0 = Debug|x64
		{76DFF444-E9A8-4D50-8E79-6A1EB1A34C36}.Debug|x86.ActiveCfg = Debug|Win32
		{76DFF444-E9A8-4D50-8E79-6A1EB1A34C36}.Debug|x86.Build.0 = Debug|Win32
		{76DFF444-E9A8-4D50-8E79-6A1EB1A34C36}.Release|x64.ActiveCfg = Release|x64
		{76DFF444-E9A8-4D50-8E79-6A1EB1A34C36}.Release|x64.Build.0 = Release|x64
		{76DFF444-E9A8-4D50-8E79-6A1EB1A34C36}.Release|x86.ActiveCfg = Release|Win32
		{76DFF444-E9A8-4D50-8E79-6A1EB1A34C36}.Release|x86.Build.0 = Release|Win32
		{32D9D061-71B7-41A8-BFB3-795CABF0A7E4}.Debug|x64.ActiveCfg = Debug|x64
		{32D9D061-71B7-41A8-BFB3-795CABF0A7E4}.Debug|x64.Build.0 = Debug|x64
		{32D9D061-71B7-41A8-BFB3-795CABF0A7E4}.Debug|x86.ActiveCfg = Debug|Win32
		{32D9D061-71B7-41A8-BFB3-795CABF0A7E4}.Debug|x86.Build.0 = Debug|Win32
		{32D9D061-71B7-41A8-BFB3-795CABF0A7E4}.Release|x64.ActiveCfg = Release|x64
		{32D9D061-71B7-41A8-BFB3-795CABF0A7E4}.Release|x64.Build.0 = Release|x64
		{32D9D061-71B7-41A8-BFB3-795CABF0A7E4}.Release|x86.ActiveCfg = Release|Win32
		{32D9D061-71B7-41A8-BFB3-795CABF0A7E4}.Release|x86.Build.0 = Release|Win32
		{FE66CD02-66F1-498A-9200-4E566A994CCE}.Debug|x64.ActiveCfg = Debug|x64
		{FE66CD02-66F1-498A-9200-4E566A994CCE}.Debug|x64.Build.0 = Debug|x64
		{FE66CD02-66F1-498A-9200-4E566A994CCE}.Debug|x86.ActiveCfg = Debug|Win32
		{FE66CD02-66F1-498A-9200-4E566A994CCE}.Debug|x86.Build.0 = Debug|Win32
		{FE66CD02-66F1-498A-9200-4E566A994CCE}.Release|x64.ActiveCfg = Release|x64
		{FE66CD02-66F1-498A-9200-4E566A994CCE}.Release|x64.Build.0 = Release|x64
		{FE66CD02-66F1-498A-9200-4E566A994CCE}.Release|x86.ActiveCfg = Release|Win32
		{FE66CD02-66F1-498A-9200-4E566A994CCE}.Release|x86.Build.0 = Release|Win32
		{1457062F-A24E-40EF-82B6-12387706A04B}.Debug|x64.ActiveCfg = Debug|x64
		{1457062F-A24E-40EF-82B6-12387706A04B}.Debug|x64.Build.0 = Debug|x64
		{1457062F-A24E-40EF-82B6-12387706A04B}.Debug|x86.ActiveCfg = Debug|Win32
		{1457062F-A24E-40EF-82B6-12387706A04B}.Debug|x86.Build.0 = Debug|Win32
		{1457062F-A24E-40EF-82B6-12387706A04B}.Release|x64.ActiveCfg = Release|x64
		{1457062F-A24E-40EF-82B6-12387706A04B}.Release|x64.Build.0 = Release|x64
		{1457062F-A24E-40EF-82B6-12387706A04B}.Release|x86.ActiveCfg = Release|Win32
		{1457062F-A24E-40EF-82B6-12387706A04B}.Release|x86.Build.0 = Release|Win32
		{39025185-64D5-4DBD-AF31-33A5C073568B}.Debug|x64.ActiveCfg = Debug|x64
		{39025185-64D5-4DBD-AF31-33A5C073568B}.Debug|x64.Build.0 = Debug|x64
		{39025185-64D5-4DBD-AF31-33A5C073568B}.Debug|x86.ActiveCfg = Debug|Win32
		{39025185-64D5-4DBD-AF31-33A5C073568B}.Debug|x86.Build.0 = Debug|Win32
		{39025185-64D5-4DBD-AF31-33A5C073568B}.Release|x64.ActiveCfg = Release|x64
		{39025185-64D5-4DBD-AF31-33A5C073568B}.Release|x64.Build.0 = Release|x64
		{39025185-64D5-4DBD-AF31-33A5C073568B}.Release|x86.ActiveCfg = Release|Win32
		{39025185-64D5-4DBD-AF31-33A5C073568B}.Release|x86.Build.0 = Release|Win32
		{5C0B3FE6-1196-43A6-A569-874B2BEFEEA8}.Debug|x64.ActiveCfg = Debug|x64
		{5C0B3FE6-1196-43A6-A569-874B2BEFEEA8}.Debug|x64.Build.0 = Debug|x64
		{5C0B3FE6-1196-43A6-A569-874B2BEFEEA8}.Debug|x86.ActiveCfg = Debug|Win32
		{5C0B3FE6-1196-43A6-A569-874B2BEFEEA8}.Debug|x86.Build.0 = Debug|Win32
		{5C0B3FE6-1196-43A6-A569-874B2BEFEEA8}.Release|x64.ActiveCfg = Release|x64
		{5C0B3FE6-1196-43A6-A569-874B2BEFEEA8}.Release|x64.Build.0 = Release|x64
		{5C0B3FE6-1196-43A6-A569-874B2BEFEEA8}.Release|x86.ActiveCfg = Release|Win32
		{5C0B3FE6-1196-43A6-A569-874B2BEFEEA8}.Release|x86.Build.0 = Release|Win32
		{9F675280-54F6-436B-9818-16531036A9C9}.Debug|x64.ActiveCfg = Debug|x64
		{9F675280-54F6-436B-9818-16531036A9C9}.Debug|x64.Build.0 = Debug|x64
		{9F675280-54F6-436B-9818-16531036A9C9}.Debug|x86.ActiveCfg = Debug|Win32
		{9F675280-54F6-436B-9818-16531036A9C9}.Debug|x86.Build.0 = Debug|Win32
		{9F675280-54F6-436B-9818-16531036A9C9}.Release|x64.ActiveCfg = Release|x64
		{9F675280-54F6-436B-9818-16531036A9C9}.Release|x64.Build.0 = Release|x64
		{9F675280-54F6-436B-9818-16531036A9C9}.Release|x86.ActiveCfg = Release|Win32
		{9F675280-54F6-436B-9818-16531036A9C9}.Release|x86.Build.0 = Release|Win32
		{6C7A58AC-B7E1-46DB-8421-663493D25EBB}.Debug|x64.ActiveCfg = Debug|x64
		{6C7A58AC-B7E1-46DB-8421-663493D25EBB}.Debug|x64.Build.0 = Debug|x64
		{6C7A58AC-B7E1-46DB-8421-663493D25EBB}.Debug|x86.ActiveCfg = Debug|Win32
		{6C7A58AC-B7E1-46DB-8421-663493D25EBB}.Debug|x86.Build.0 = Debug|Win32
		{6C7A58AC-B7E1-46DB-8421-663493D25EBB}.Release|x64.ActiveCfg = Release|x64
		{6C7A58AC-B7E1-46DB-8421-663493D25EBB}.Release|x64.Build.0 = Release|x64
		{6C7A58AC-B7E1-46DB-8421-663493D25EBB}.Release|x86.ActiveCfg = Release|Win32
		{6C7A58AC-B7E1-46DB-8421-663493D25EBB}.Release|x86.Build.0 = Release|Win32
		{1EED4C3E-D7DA-4C60-BFD1-5942D9CFC004}.Debug|x64.ActiveCfg = Debug|x64
		{1EED4C3E-D7DA-4C60-BFD1-5942D9CFC004}.Debug|x64.Build.0 = Debug|x64
		{1EED4C3E-D7DA-4C60-BFD1-5942D9CFC004}.Debug|x86.ActiveCfg = Debug|Win32
		{1EED4C3E-D7DA-4C60-BFD1-5942D9CFC004}.Debug|x86.Build.0 = Debug|Win32
		{1EED4C3E-D7DA-4C60-BFD1-5942D9CFC004}.Release|x64.ActiveCfg = Release|x64
		{1EED4C3E-D7DA-4C60-BFD1-5942D9CFC004}.Release|x64.Build.0 = Release|x64
		{1EED4C3E-D7DA-4C60-BFD1-5942D9CFC004}.Release|x86.ActiveCfg = Release|Win32
		{1EED4C3E-D7DA-4C60-BFD1-5942D9CFC004}.Release|x86.Build.0 = Release|Win32
		{13751B38-32C8-4475-89B1-CB51F1A3D9C3}.Debug|x64.ActiveCfg = Debug|x64
		{13751B38-32C8-4475-89B1-CB51F1A3D9C3}.Debug|x64.Build.0 = Debug|x64
		{13751B38-32C8-4475-89B1-CB51F1A3D9C3}.Debug|x86.ActiveCfg = Debug|Win32
		{13751B38-32C8-4475-89B1-CB51F1A3D9C3}.Debug|x86.Build.0 = Debug|Win32
		{13751B38-32C8-4475-89B1-CB51F1A3D9C3}.Release|x64.ActiveCfg = Release|x64
		{13751B38-32C8-4475-89B1-CB51F1A3D9C3}.Release|x64.Build.0 = Release|x64
		{13751B38-32C8-4475-89B1-CB51F1A3D9C3}.Release|x86.ActiveCfg = Release|Win32
		{13751B38-32C8-4475-89B1-CB51F1A3D9C3}.Release|x86.Build.0 = Release|Win32
		{6862B51D-CA2B-40E1-9D2E-D8AB5EFA76C6}.Debug|x64.ActiveCfg = Debug|x64
		{6862B51D-CA2B-40E1-9D2E-D8AB5EFA76C6}.Debug|x64.Build.0 = Debug|x64
		{6862B51D-CA2B-40E1-9D2E-D8AB5EFA76C6}.Debug|x86.ActiveCfg = Debug|Win32
		{6862B51D-CA2B-40E1-9D2E-D8AB5EFA76C6}.Debug|x86.Build.0 = Debug|Win32
		{6862B51D-CA2B-40E1-9D2E-D8AB5EFA76C6}.Release|x64.ActiveCfg = Release|x64
		{6862B51D-CA2B-40E1-9D2E-D8AB5EFA76C6}.Release|x64.Build.0 = Release|x64
		{6862B51D-CA2B-40E1-9D2E-D8AB5EFA76C6}.Release|x86.ActiveCfg = Release|Win32
		{6862B51D-CA2B-40E1-9D2E-D8AB5EFA76C6}.Release|x86.Build.0 = Release|Win32
		{B2735270-EBAB-41A7-91A5-1C18349CD600}.Debug|x64.ActiveCfg = Debug|x64
		{B2735270-EBAB-41A7-91A5-1C18349CD600}.Debug|x64.Build.0 = Debug|x64
		{B2735270-EBAB-41A7-91A5-1C18349CD600}.Debug|x86.ActiveCfg = Debug|Win32
		{B2735270-EBAB-41A7-91A5-1C18349CD600}.Debug|x86.Build.0 = Debug|Win32
		{B2735270-EBAB-41A7-91A5-1C18349CD600}.Release|x64.ActiveCfg = Release|x64
		{B2735270-EBAB-41A7-91A5-1C18349CD600}.Release|x64.Build.0 = Release|x64
		{B2735270-EBAB-41A7-91A5-1C18349CD600}.Release|x86.ActiveCfg = Release|Win32
		{B2735270-EBAB-41A7-91A5-1C18349CD600}.Release|x86.Build.0 = Release|Win32
		{F10AEABE-43C5-4119-91EF-EAF775993DE8}.Debug|x64.ActiveCfg = Debug|x64
		{F10AEABE-43C5-4119-91EF-EAF775993DE8}.Debug|x64.Build.0 = Debug|x64
		{F10AEABE-43C5-4119-91EF-EAF775993DE8}.Debug|x86.ActiveCfg = Debug|Win32
		{F10AEABE-43C5-4119-91EF-EAF775993DE8}.Debug|x86.Build.0 = Debug|Win32
		{F10AEABE-43C5-4119-91EF-EAF775993DE8}.Release|x64.ActiveCfg = Release|x64
		{F10AEABE-43C5-4119-91EF-EAF775993DE8}.Release|x64.Build.0 = Release|x64
		{F10AEABE-43C5-4119-91EF-EAF775993DE8}.Release|x86.ActiveCfg = Release|Win32
		{F10AEABE-43C5-4119-91EF-EAF775993DE8}.Release|x86.Build.0 = Release|Win32
	EndGlobalSection
	GlobalSection(SolutionProperties) = preSolution
		HideSolutionNode = FALSE
	EndGlobalSection
	GlobalSection(ExtensibilityGlobals) = postSolution
		SolutionGuid = {09FE4E30-DB77-4722-9250-E613B1744908}
	EndGlobalSection
EndGlobal
